// !$*UTF8*$!
{
	archiveVersion = 1;
	classes = {
	};
	objectVersion = 50;
	objects = {

/* Begin PBXBuildFile section */
		5208A24723CB383000AA4433 /* AlbumCellView.swift in Sources */ = {isa = PBXBuildFile; fileRef = 5208A24623CB383000AA4433 /* AlbumCellView.swift */; };
		522A09A6232F47AA00506C7F /* AlbumDetailViewController.swift in Sources */ = {isa = PBXBuildFile; fileRef = 522A09A5232F47AA00506C7F /* AlbumDetailViewController.swift */; };
		52323F09235C79460076F29E /* ArtistDetailViewController.swift in Sources */ = {isa = PBXBuildFile; fileRef = 52323F08235C79460076F29E /* ArtistDetailViewController.swift */; };
		5237635F23C35BFE003ABD2A /* ArtistRowView.swift in Sources */ = {isa = PBXBuildFile; fileRef = 5237635E23C35BFE003ABD2A /* ArtistRowView.swift */; };
		5237636123C360C2003ABD2A /* Artist.swift in Sources */ = {isa = PBXBuildFile; fileRef = 5237636023C360C2003ABD2A /* Artist.swift */; };
		524D58D62338A0AF00F7E5E4 /* TableViewTrackCell.swift in Sources */ = {isa = PBXBuildFile; fileRef = 524D58D42338A0AF00F7E5E4 /* TableViewTrackCell.swift */; };
		524D58D72338A0AF00F7E5E4 /* TableViewTrackCell.xib in Resources */ = {isa = PBXBuildFile; fileRef = 524D58D52338A0AF00F7E5E4 /* TableViewTrackCell.xib */; };
		524F8F1C23CAD33C00168019 /* Array.swift in Sources */ = {isa = PBXBuildFile; fileRef = 524F8F1B23CAD33C00168019 /* Array.swift */; };
		526A3B372366AC6F0070BE0A /* Album.swift in Sources */ = {isa = PBXBuildFile; fileRef = 526A3B362366AC6F0070BE0A /* Album.swift */; };
		529566E023686AEF0086BCD3 /* CollectionViewTrackCell.swift in Sources */ = {isa = PBXBuildFile; fileRef = 529566DE23686AEF0086BCD3 /* CollectionViewTrackCell.swift */; };
		529566E123686AEF0086BCD3 /* CollectionViewTrackCell.xib in Resources */ = {isa = PBXBuildFile; fileRef = 529566DF23686AEF0086BCD3 /* CollectionViewTrackCell.xib */; };
		529A3FC2231D08F70085364D /* ArtistsViewController.swift in Sources */ = {isa = PBXBuildFile; fileRef = 529A3FC1231D08F70085364D /* ArtistsViewController.swift */; };
		529A3FC4231D33710085364D /* AlbumsViewController.swift in Sources */ = {isa = PBXBuildFile; fileRef = 529A3FC3231D33710085364D /* AlbumsViewController.swift */; };
		529A3FC6231D4A650085364D /* SongsViewController.swift in Sources */ = {isa = PBXBuildFile; fileRef = 529A3FC5231D4A650085364D /* SongsViewController.swift */; };
		52B6681E23C197E000E70C47 /* SceneDelegate.swift in Sources */ = {isa = PBXBuildFile; fileRef = 52B6681D23C197E000E70C47 /* SceneDelegate.swift */; };
		52B6682023C19ADE00E70C47 /* ArtistsContentView.swift in Sources */ = {isa = PBXBuildFile; fileRef = 52B6681F23C19ADE00E70C47 /* ArtistsContentView.swift */; };
		52B6682523C19D8E00E70C47 /* ArtistsViewModel.swift in Sources */ = {isa = PBXBuildFile; fileRef = 52B6682423C19D8E00E70C47 /* ArtistsViewModel.swift */; };
		52C2535123CB33630075D35F /* AlbumsView.swift in Sources */ = {isa = PBXBuildFile; fileRef = 52C2535023CB33630075D35F /* AlbumsView.swift */; };
		52C34D62230ED7BE00EA76DA /* AppDelegate.swift in Sources */ = {isa = PBXBuildFile; fileRef = 52C34D61230ED7BE00EA76DA /* AppDelegate.swift */; };
		52C34D64230ED7BE00EA76DA /* MainViewController.swift in Sources */ = {isa = PBXBuildFile; fileRef = 52C34D63230ED7BE00EA76DA /* MainViewController.swift */; };
		52C34D67230ED7BE00EA76DA /* Main.storyboard in Resources */ = {isa = PBXBuildFile; fileRef = 52C34D65230ED7BE00EA76DA /* Main.storyboard */; };
		52C34D69230ED7C000EA76DA /* Assets.xcassets in Resources */ = {isa = PBXBuildFile; fileRef = 52C34D68230ED7C000EA76DA /* Assets.xcassets */; };
		52C34D6C230ED7C000EA76DA /* LaunchScreen.storyboard in Resources */ = {isa = PBXBuildFile; fileRef = 52C34D6A230ED7C000EA76DA /* LaunchScreen.storyboard */; };
		52C69DE823CABF48006A0A83 /* AlbumDetailContentView.swift in Sources */ = {isa = PBXBuildFile; fileRef = 52C69DE723CABF48006A0A83 /* AlbumDetailContentView.swift */; };
		52C97A4E232517B4002C414B /* MusicService.swift in Sources */ = {isa = PBXBuildFile; fileRef = 52C97A4D232517B4002C414B /* MusicService.swift */; };
		52CCDAD523C050E9000C474A /* MainContentView.swift in Sources */ = {isa = PBXBuildFile; fileRef = 52CCDAD423C050E9000C474A /* MainContentView.swift */; };
		52D4B5C823C3EF55000364F4 /* ArtistDetailContentView.swift in Sources */ = {isa = PBXBuildFile; fileRef = 52D4B5C723C3EF55000364F4 /* ArtistDetailContentView.swift */; };
		52D98E7223CC5D9D0032971A /* SongsContentView.swift in Sources */ = {isa = PBXBuildFile; fileRef = 52D98E7123CC5D9D0032971A /* SongsContentView.swift */; };
		52D98E7423CC5E780032971A /* SongsViewModel.swift in Sources */ = {isa = PBXBuildFile; fileRef = 52D98E7323CC5E780032971A /* SongsViewModel.swift */; };
		52D98E7623CC5ED10032971A /* Song.swift in Sources */ = {isa = PBXBuildFile; fileRef = 52D98E7523CC5ED10032971A /* Song.swift */; };
		52D98E7823CC61870032971A /* SongRowView.swift in Sources */ = {isa = PBXBuildFile; fileRef = 52D98E7723CC61870032971A /* SongRowView.swift */; };
		52D98E7A23CC6B530032971A /* PrimaryTextView.swift in Sources */ = {isa = PBXBuildFile; fileRef = 52D98E7923CC6B530032971A /* PrimaryTextView.swift */; };
		52D98E7C23CC6C280032971A /* SecondaryTextView.swift in Sources */ = {isa = PBXBuildFile; fileRef = 52D98E7B23CC6C280032971A /* SecondaryTextView.swift */; };
		52DBD73B23408E4F0092DAB9 /* CollectionViewAlubumCell.swift in Sources */ = {isa = PBXBuildFile; fileRef = 52DBD73923408E4F0092DAB9 /* CollectionViewAlubumCell.swift */; };
		52DBD73C23408E4F0092DAB9 /* CollectionViewAlubumCell.xib in Resources */ = {isa = PBXBuildFile; fileRef = 52DBD73A23408E4F0092DAB9 /* CollectionViewAlubumCell.xib */; };
		52EE4D9323C542A700CFF2A3 /* ArtistDetailViewModel.swift in Sources */ = {isa = PBXBuildFile; fileRef = 52EE4D9223C542A700CFF2A3 /* ArtistDetailViewModel.swift */; };
		52F286FE23C7E5420056BFE3 /* AlbumsContentView.swift in Sources */ = {isa = PBXBuildFile; fileRef = 52F286FD23C7E5420056BFE3 /* AlbumsContentView.swift */; };
		52F63FF423C7FA2500449934 /* AlbumsViewModel.swift in Sources */ = {isa = PBXBuildFile; fileRef = 52F63FF323C7FA2500449934 /* AlbumsViewModel.swift */; };
/* End PBXBuildFile section */

/* Begin PBXFileReference section */
		5208A24623CB383000AA4433 /* AlbumCellView.swift */ = {isa = PBXFileReference; lastKnownFileType = sourcecode.swift; path = AlbumCellView.swift; sourceTree = "<group>"; };
		522A09A5232F47AA00506C7F /* AlbumDetailViewController.swift */ = {isa = PBXFileReference; lastKnownFileType = sourcecode.swift; path = AlbumDetailViewController.swift; sourceTree = "<group>"; };
		52323F08235C79460076F29E /* ArtistDetailViewController.swift */ = {isa = PBXFileReference; lastKnownFileType = sourcecode.swift; path = ArtistDetailViewController.swift; sourceTree = "<group>"; };
		5237635E23C35BFE003ABD2A /* ArtistRowView.swift */ = {isa = PBXFileReference; lastKnownFileType = sourcecode.swift; path = ArtistRowView.swift; sourceTree = "<group>"; };
		5237636023C360C2003ABD2A /* Artist.swift */ = {isa = PBXFileReference; lastKnownFileType = sourcecode.swift; path = Artist.swift; sourceTree = "<group>"; };
		524D58D42338A0AF00F7E5E4 /* TableViewTrackCell.swift */ = {isa = PBXFileReference; lastKnownFileType = sourcecode.swift; path = TableViewTrackCell.swift; sourceTree = "<group>"; };
		524D58D52338A0AF00F7E5E4 /* TableViewTrackCell.xib */ = {isa = PBXFileReference; lastKnownFileType = file.xib; path = TableViewTrackCell.xib; sourceTree = "<group>"; };
		524F8F1B23CAD33C00168019 /* Array.swift */ = {isa = PBXFileReference; lastKnownFileType = sourcecode.swift; path = Array.swift; sourceTree = "<group>"; };
		526A3B362366AC6F0070BE0A /* Album.swift */ = {isa = PBXFileReference; lastKnownFileType = sourcecode.swift; path = Album.swift; sourceTree = "<group>"; };
		529566DE23686AEF0086BCD3 /* CollectionViewTrackCell.swift */ = {isa = PBXFileReference; lastKnownFileType = sourcecode.swift; path = CollectionViewTrackCell.swift; sourceTree = "<group>"; };
		529566DF23686AEF0086BCD3 /* CollectionViewTrackCell.xib */ = {isa = PBXFileReference; lastKnownFileType = file.xib; path = CollectionViewTrackCell.xib; sourceTree = "<group>"; };
		529A3FC1231D08F70085364D /* ArtistsViewController.swift */ = {isa = PBXFileReference; lastKnownFileType = sourcecode.swift; path = ArtistsViewController.swift; sourceTree = "<group>"; };
		529A3FC3231D33710085364D /* AlbumsViewController.swift */ = {isa = PBXFileReference; lastKnownFileType = sourcecode.swift; path = AlbumsViewController.swift; sourceTree = "<group>"; };
		529A3FC5231D4A650085364D /* SongsViewController.swift */ = {isa = PBXFileReference; lastKnownFileType = sourcecode.swift; path = SongsViewController.swift; sourceTree = "<group>"; };
		52B6681D23C197E000E70C47 /* SceneDelegate.swift */ = {isa = PBXFileReference; lastKnownFileType = sourcecode.swift; path = SceneDelegate.swift; sourceTree = "<group>"; };
		52B6681F23C19ADE00E70C47 /* ArtistsContentView.swift */ = {isa = PBXFileReference; lastKnownFileType = sourcecode.swift; path = ArtistsContentView.swift; sourceTree = "<group>"; };
		52B6682423C19D8E00E70C47 /* ArtistsViewModel.swift */ = {isa = PBXFileReference; lastKnownFileType = sourcecode.swift; path = ArtistsViewModel.swift; sourceTree = "<group>"; };
		52C2535023CB33630075D35F /* AlbumsView.swift */ = {isa = PBXFileReference; lastKnownFileType = sourcecode.swift; path = AlbumsView.swift; sourceTree = "<group>"; };
		52C34D5E230ED7BE00EA76DA /* ThinMP.app */ = {isa = PBXFileReference; explicitFileType = wrapper.application; includeInIndex = 0; path = ThinMP.app; sourceTree = BUILT_PRODUCTS_DIR; };
		52C34D61230ED7BE00EA76DA /* AppDelegate.swift */ = {isa = PBXFileReference; lastKnownFileType = sourcecode.swift; path = AppDelegate.swift; sourceTree = "<group>"; };
		52C34D63230ED7BE00EA76DA /* MainViewController.swift */ = {isa = PBXFileReference; lastKnownFileType = sourcecode.swift; path = MainViewController.swift; sourceTree = "<group>"; };
		52C34D66230ED7BE00EA76DA /* Base */ = {isa = PBXFileReference; lastKnownFileType = file.storyboard; name = Base; path = Base.lproj/Main.storyboard; sourceTree = "<group>"; };
		52C34D68230ED7C000EA76DA /* Assets.xcassets */ = {isa = PBXFileReference; lastKnownFileType = folder.assetcatalog; path = Assets.xcassets; sourceTree = "<group>"; };
		52C34D6B230ED7C000EA76DA /* Base */ = {isa = PBXFileReference; lastKnownFileType = file.storyboard; name = Base; path = Base.lproj/LaunchScreen.storyboard; sourceTree = "<group>"; };
		52C34D6D230ED7C000EA76DA /* Info.plist */ = {isa = PBXFileReference; lastKnownFileType = text.plist.xml; path = Info.plist; sourceTree = "<group>"; };
		52C69DE723CABF48006A0A83 /* AlbumDetailContentView.swift */ = {isa = PBXFileReference; lastKnownFileType = sourcecode.swift; path = AlbumDetailContentView.swift; sourceTree = "<group>"; };
		52C97A4D232517B4002C414B /* MusicService.swift */ = {isa = PBXFileReference; lastKnownFileType = sourcecode.swift; path = MusicService.swift; sourceTree = "<group>"; };
		52CCDAD423C050E9000C474A /* MainContentView.swift */ = {isa = PBXFileReference; lastKnownFileType = sourcecode.swift; path = MainContentView.swift; sourceTree = "<group>"; };
		52D4B5C723C3EF55000364F4 /* ArtistDetailContentView.swift */ = {isa = PBXFileReference; lastKnownFileType = sourcecode.swift; path = ArtistDetailContentView.swift; sourceTree = "<group>"; };
		52D98E7123CC5D9D0032971A /* SongsContentView.swift */ = {isa = PBXFileReference; lastKnownFileType = sourcecode.swift; path = SongsContentView.swift; sourceTree = "<group>"; };
		52D98E7323CC5E780032971A /* SongsViewModel.swift */ = {isa = PBXFileReference; lastKnownFileType = sourcecode.swift; path = SongsViewModel.swift; sourceTree = "<group>"; };
		52D98E7523CC5ED10032971A /* Song.swift */ = {isa = PBXFileReference; lastKnownFileType = sourcecode.swift; path = Song.swift; sourceTree = "<group>"; };
		52D98E7723CC61870032971A /* SongRowView.swift */ = {isa = PBXFileReference; lastKnownFileType = sourcecode.swift; path = SongRowView.swift; sourceTree = "<group>"; };
		52D98E7923CC6B530032971A /* PrimaryTextView.swift */ = {isa = PBXFileReference; lastKnownFileType = sourcecode.swift; path = PrimaryTextView.swift; sourceTree = "<group>"; };
		52D98E7B23CC6C280032971A /* SecondaryTextView.swift */ = {isa = PBXFileReference; lastKnownFileType = sourcecode.swift; path = SecondaryTextView.swift; sourceTree = "<group>"; };
		52DBD73923408E4F0092DAB9 /* CollectionViewAlubumCell.swift */ = {isa = PBXFileReference; lastKnownFileType = sourcecode.swift; path = CollectionViewAlubumCell.swift; sourceTree = "<group>"; };
		52DBD73A23408E4F0092DAB9 /* CollectionViewAlubumCell.xib */ = {isa = PBXFileReference; lastKnownFileType = file.xib; path = CollectionViewAlubumCell.xib; sourceTree = "<group>"; };
		52EE4D9223C542A700CFF2A3 /* ArtistDetailViewModel.swift */ = {isa = PBXFileReference; lastKnownFileType = sourcecode.swift; path = ArtistDetailViewModel.swift; sourceTree = "<group>"; };
		52F286FD23C7E5420056BFE3 /* AlbumsContentView.swift */ = {isa = PBXFileReference; lastKnownFileType = sourcecode.swift; path = AlbumsContentView.swift; sourceTree = "<group>"; };
		52F63FF323C7FA2500449934 /* AlbumsViewModel.swift */ = {isa = PBXFileReference; lastKnownFileType = sourcecode.swift; path = AlbumsViewModel.swift; sourceTree = "<group>"; };
/* End PBXFileReference section */

/* Begin PBXFrameworksBuildPhase section */
		52C34D5B230ED7BE00EA76DA /* Frameworks */ = {
			isa = PBXFrameworksBuildPhase;
			buildActionMask = 2147483647;
			files = (
			);
			runOnlyForDeploymentPostprocessing = 0;
		};
/* End PBXFrameworksBuildPhase section */

/* Begin PBXGroup section */
		5208A24423CB379200AA4433 /* View */ = {
			isa = PBXGroup;
			children = (
				52DBD73923408E4F0092DAB9 /* CollectionViewAlubumCell.swift */,
				52DBD73A23408E4F0092DAB9 /* CollectionViewAlubumCell.xib */,
				524D58D42338A0AF00F7E5E4 /* TableViewTrackCell.swift */,
				524D58D52338A0AF00F7E5E4 /* TableViewTrackCell.xib */,
				529566DE23686AEF0086BCD3 /* CollectionViewTrackCell.swift */,
				529566DF23686AEF0086BCD3 /* CollectionViewTrackCell.xib */,
				5237635E23C35BFE003ABD2A /* ArtistRowView.swift */,
				52C2535023CB33630075D35F /* AlbumsView.swift */,
				5208A24623CB383000AA4433 /* AlbumCellView.swift */,
				52D98E7723CC61870032971A /* SongRowView.swift */,
				52D98E7923CC6B530032971A /* PrimaryTextView.swift */,
				52D98E7B23CC6C280032971A /* SecondaryTextView.swift */,
			);
			path = View;
			sourceTree = "<group>";
		};
		5208A24823CB391000AA4433 /* ViewController */ = {
			isa = PBXGroup;
			children = (
				522A09A5232F47AA00506C7F /* AlbumDetailViewController.swift */,
				529A3FC5231D4A650085364D /* SongsViewController.swift */,
				529A3FC1231D08F70085364D /* ArtistsViewController.swift */,
				529A3FC3231D33710085364D /* AlbumsViewController.swift */,
				52323F08235C79460076F29E /* ArtistDetailViewController.swift */,
				52C34D63230ED7BE00EA76DA /* MainViewController.swift */,
			);
			path = ViewController;
			sourceTree = "<group>";
		};
		524A51BE23B709DF00FB06DD /* ContentView */ = {
			isa = PBXGroup;
			children = (
				52CCDAD423C050E9000C474A /* MainContentView.swift */,
				52B6681F23C19ADE00E70C47 /* ArtistsContentView.swift */,
				52D4B5C723C3EF55000364F4 /* ArtistDetailContentView.swift */,
				52F286FD23C7E5420056BFE3 /* AlbumsContentView.swift */,
				52C69DE723CABF48006A0A83 /* AlbumDetailContentView.swift */,
				52D98E7123CC5D9D0032971A /* SongsContentView.swift */,
			);
			path = ContentView;
			sourceTree = "<group>";
		};
		524F8F1A23CAD32900168019 /* Extension */ = {
			isa = PBXGroup;
			children = (
				524F8F1B23CAD33C00168019 /* Array.swift */,
			);
			path = Extension;
			sourceTree = "<group>";
		};
		528C3D1423C6A1AA005CCA8E /* ViewModel */ = {
			isa = PBXGroup;
			children = (
				52EE4D9223C542A700CFF2A3 /* ArtistDetailViewModel.swift */,
				52B6682423C19D8E00E70C47 /* ArtistsViewModel.swift */,
				52F63FF323C7FA2500449934 /* AlbumsViewModel.swift */,
				52D98E7323CC5E780032971A /* SongsViewModel.swift */,
			);
			path = ViewModel;
			sourceTree = "<group>";
		};
		528CA16023CAB8F9003E162F /* Entity */ = {
			isa = PBXGroup;
			children = (
				526A3B362366AC6F0070BE0A /* Album.swift */,
				5237636023C360C2003ABD2A /* Artist.swift */,
				52D98E7523CC5ED10032971A /* Song.swift */,
			);
			path = Entity;
			sourceTree = "<group>";
		};
		52BBCC23236ECF7300B89A7E /* Storyboard */ = {
			isa = PBXGroup;
			children = (
				52C34D6A230ED7C000EA76DA /* LaunchScreen.storyboard */,
				52C34D65230ED7BE00EA76DA /* Main.storyboard */,
			);
			name = Storyboard;
			sourceTree = "<group>";
		};
		52C34D55230ED7BE00EA76DA = {
			isa = PBXGroup;
			children = (
				52C34D60230ED7BE00EA76DA /* ThinMP */,
				52C34D5F230ED7BE00EA76DA /* Products */,
			);
			sourceTree = "<group>";
		};
		52C34D5F230ED7BE00EA76DA /* Products */ = {
			isa = PBXGroup;
			children = (
				52C34D5E230ED7BE00EA76DA /* ThinMP.app */,
			);
			name = Products;
			sourceTree = "<group>";
		};
		52C34D60230ED7BE00EA76DA /* ThinMP */ = {
			isa = PBXGroup;
			children = (
				52C34D61230ED7BE00EA76DA /* AppDelegate.swift */,
				52C34D68230ED7C000EA76DA /* Assets.xcassets */,
				524A51BE23B709DF00FB06DD /* ContentView */,
				528CA16023CAB8F9003E162F /* Entity */,
				524F8F1A23CAD32900168019 /* Extension */,
				52C34D6D230ED7C000EA76DA /* Info.plist */,
				52EE4D9523C5434700CFF2A3 /* Model */,
				52B6681D23C197E000E70C47 /* SceneDelegate.swift */,
				52EE4D9623C5436100CFF2A3 /* Service */,
				52BBCC23236ECF7300B89A7E /* Storyboard */,
				5208A24423CB379200AA4433 /* View */,
				5208A24823CB391000AA4433 /* ViewController */,
				528C3D1423C6A1AA005CCA8E /* ViewModel */,
			);
			path = ThinMP;
			sourceTree = "<group>";
		};
		52EE4D9523C5434700CFF2A3 /* Model */ = {
			isa = PBXGroup;
			children = (
			);
			path = Model;
			sourceTree = "<group>";
		};
		52EE4D9623C5436100CFF2A3 /* Service */ = {
			isa = PBXGroup;
			children = (
				52C97A4D232517B4002C414B /* MusicService.swift */,
			);
			path = Service;
			sourceTree = "<group>";
		};
/* End PBXGroup section */

/* Begin PBXNativeTarget section */
		52C34D5D230ED7BE00EA76DA /* ThinMP */ = {
			isa = PBXNativeTarget;
			buildConfigurationList = 52C34D70230ED7C000EA76DA /* Build configuration list for PBXNativeTarget "ThinMP" */;
			buildPhases = (
				52C34D5A230ED7BE00EA76DA /* Sources */,
				52C34D5B230ED7BE00EA76DA /* Frameworks */,
				52C34D5C230ED7BE00EA76DA /* Resources */,
			);
			buildRules = (
			);
			dependencies = (
			);
			name = ThinMP;
			productName = ThinMP;
			productReference = 52C34D5E230ED7BE00EA76DA /* ThinMP.app */;
			productType = "com.apple.product-type.application";
		};
/* End PBXNativeTarget section */

/* Begin PBXProject section */
		52C34D56230ED7BE00EA76DA /* Project object */ = {
			isa = PBXProject;
			attributes = {
				KnownAssetTags = (
					1,
					2,
					3,
				);
				LastSwiftUpdateCheck = 1010;
				LastUpgradeCheck = 1010;
				TargetAttributes = {
					52C34D5D230ED7BE00EA76DA = {
						CreatedOnToolsVersion = 10.1;
					};
				};
			};
			buildConfigurationList = 52C34D59230ED7BE00EA76DA /* Build configuration list for PBXProject "ThinMP" */;
			compatibilityVersion = "Xcode 9.3";
			developmentRegion = en;
			hasScannedForEncodings = 0;
			knownRegions = (
				en,
				Base,
			);
			mainGroup = 52C34D55230ED7BE00EA76DA;
			productRefGroup = 52C34D5F230ED7BE00EA76DA /* Products */;
			projectDirPath = "";
			projectRoot = "";
			targets = (
				52C34D5D230ED7BE00EA76DA /* ThinMP */,
			);
		};
/* End PBXProject section */

/* Begin PBXResourcesBuildPhase section */
		52C34D5C230ED7BE00EA76DA /* Resources */ = {
			isa = PBXResourcesBuildPhase;
			buildActionMask = 2147483647;
			files = (
				52C34D6C230ED7C000EA76DA /* LaunchScreen.storyboard in Resources */,
				52C34D69230ED7C000EA76DA /* Assets.xcassets in Resources */,
				529566E123686AEF0086BCD3 /* CollectionViewTrackCell.xib in Resources */,
				52C34D67230ED7BE00EA76DA /* Main.storyboard in Resources */,
				52DBD73C23408E4F0092DAB9 /* CollectionViewAlubumCell.xib in Resources */,
				524D58D72338A0AF00F7E5E4 /* TableViewTrackCell.xib in Resources */,
			);
			runOnlyForDeploymentPostprocessing = 0;
		};
/* End PBXResourcesBuildPhase section */

/* Begin PBXSourcesBuildPhase section */
		52C34D5A230ED7BE00EA76DA /* Sources */ = {
			isa = PBXSourcesBuildPhase;
			buildActionMask = 2147483647;
			files = (
				5237635F23C35BFE003ABD2A /* ArtistRowView.swift in Sources */,
				52F286FE23C7E5420056BFE3 /* AlbumsContentView.swift in Sources */,
				52F63FF423C7FA2500449934 /* AlbumsViewModel.swift in Sources */,
				529566E023686AEF0086BCD3 /* CollectionViewTrackCell.swift in Sources */,
				529A3FC4231D33710085364D /* AlbumsViewController.swift in Sources */,
				52B6682023C19ADE00E70C47 /* ArtistsContentView.swift in Sources */,
				52C97A4E232517B4002C414B /* MusicService.swift in Sources */,
				52D98E7623CC5ED10032971A /* Song.swift in Sources */,
				52323F09235C79460076F29E /* ArtistDetailViewController.swift in Sources */,
				526A3B372366AC6F0070BE0A /* Album.swift in Sources */,
				52D98E7423CC5E780032971A /* SongsViewModel.swift in Sources */,
				52C34D64230ED7BE00EA76DA /* MainViewController.swift in Sources */,
				5208A24723CB383000AA4433 /* AlbumCellView.swift in Sources */,
				52B6681E23C197E000E70C47 /* SceneDelegate.swift in Sources */,
				52D98E7823CC61870032971A /* SongRowView.swift in Sources */,
				52D98E7223CC5D9D0032971A /* SongsContentView.swift in Sources */,
				524D58D62338A0AF00F7E5E4 /* TableViewTrackCell.swift in Sources */,
				52C69DE823CABF48006A0A83 /* AlbumDetailContentView.swift in Sources */,
				529A3FC6231D4A650085364D /* SongsViewController.swift in Sources */,
				52EE4D9323C542A700CFF2A3 /* ArtistDetailViewModel.swift in Sources */,
				52D4B5C823C3EF55000364F4 /* ArtistDetailContentView.swift in Sources */,
				52CCDAD523C050E9000C474A /* MainContentView.swift in Sources */,
				5237636123C360C2003ABD2A /* Artist.swift in Sources */,
				52B6682523C19D8E00E70C47 /* ArtistsViewModel.swift in Sources */,
				522A09A6232F47AA00506C7F /* AlbumDetailViewController.swift in Sources */,
				524F8F1C23CAD33C00168019 /* Array.swift in Sources */,
				52D98E7C23CC6C280032971A /* SecondaryTextView.swift in Sources */,
				52D98E7A23CC6B530032971A /* PrimaryTextView.swift in Sources */,
				52C34D62230ED7BE00EA76DA /* AppDelegate.swift in Sources */,
				52DBD73B23408E4F0092DAB9 /* CollectionViewAlubumCell.swift in Sources */,
				52C2535123CB33630075D35F /* AlbumsView.swift in Sources */,
				529A3FC2231D08F70085364D /* ArtistsViewController.swift in Sources */,
			);
			runOnlyForDeploymentPostprocessing = 0;
		};
/* End PBXSourcesBuildPhase section */

/* Begin PBXVariantGroup section */
		52C34D65230ED7BE00EA76DA /* Main.storyboard */ = {
			isa = PBXVariantGroup;
			children = (
				52C34D66230ED7BE00EA76DA /* Base */,
			);
			name = Main.storyboard;
			sourceTree = "<group>";
		};
		52C34D6A230ED7C000EA76DA /* LaunchScreen.storyboard */ = {
			isa = PBXVariantGroup;
			children = (
				52C34D6B230ED7C000EA76DA /* Base */,
			);
			name = LaunchScreen.storyboard;
			sourceTree = "<group>";
		};
/* End PBXVariantGroup section */

/* Begin XCBuildConfiguration section */
		52C34D6E230ED7C000EA76DA /* Debug */ = {
			isa = XCBuildConfiguration;
			buildSettings = {
				ALWAYS_SEARCH_USER_PATHS = NO;
				CLANG_ANALYZER_NONNULL = YES;
				CLANG_ANALYZER_NUMBER_OBJECT_CONVERSION = YES_AGGRESSIVE;
				CLANG_CXX_LANGUAGE_STANDARD = "gnu++14";
				CLANG_CXX_LIBRARY = "libc++";
				CLANG_ENABLE_MODULES = YES;
				CLANG_ENABLE_OBJC_ARC = YES;
				CLANG_ENABLE_OBJC_WEAK = YES;
				CLANG_WARN_BLOCK_CAPTURE_AUTORELEASING = YES;
				CLANG_WARN_BOOL_CONVERSION = YES;
				CLANG_WARN_COMMA = YES;
				CLANG_WARN_CONSTANT_CONVERSION = YES;
				CLANG_WARN_DEPRECATED_OBJC_IMPLEMENTATIONS = YES;
				CLANG_WARN_DIRECT_OBJC_ISA_USAGE = YES_ERROR;
				CLANG_WARN_DOCUMENTATION_COMMENTS = YES;
				CLANG_WARN_EMPTY_BODY = YES;
				CLANG_WARN_ENUM_CONVERSION = YES;
				CLANG_WARN_INFINITE_RECURSION = YES;
				CLANG_WARN_INT_CONVERSION = YES;
				CLANG_WARN_NON_LITERAL_NULL_CONVERSION = YES;
				CLANG_WARN_OBJC_IMPLICIT_RETAIN_SELF = YES;
				CLANG_WARN_OBJC_LITERAL_CONVERSION = YES;
				CLANG_WARN_OBJC_ROOT_CLASS = YES_ERROR;
				CLANG_WARN_RANGE_LOOP_ANALYSIS = YES;
				CLANG_WARN_STRICT_PROTOTYPES = YES;
				CLANG_WARN_SUSPICIOUS_MOVE = YES;
				CLANG_WARN_UNGUARDED_AVAILABILITY = YES_AGGRESSIVE;
				CLANG_WARN_UNREACHABLE_CODE = YES;
				CLANG_WARN__DUPLICATE_METHOD_MATCH = YES;
				CODE_SIGN_IDENTITY = "iPhone Developer";
				COPY_PHASE_STRIP = NO;
				DEBUG_INFORMATION_FORMAT = dwarf;
				ENABLE_STRICT_OBJC_MSGSEND = YES;
				ENABLE_TESTABILITY = YES;
				GCC_C_LANGUAGE_STANDARD = gnu11;
				GCC_DYNAMIC_NO_PIC = NO;
				GCC_NO_COMMON_BLOCKS = YES;
				GCC_OPTIMIZATION_LEVEL = 0;
				GCC_PREPROCESSOR_DEFINITIONS = (
					"DEBUG=1",
					"$(inherited)",
				);
				GCC_WARN_64_TO_32_BIT_CONVERSION = YES;
				GCC_WARN_ABOUT_RETURN_TYPE = YES_ERROR;
				GCC_WARN_UNDECLARED_SELECTOR = YES;
				GCC_WARN_UNINITIALIZED_AUTOS = YES_AGGRESSIVE;
				GCC_WARN_UNUSED_FUNCTION = YES;
				GCC_WARN_UNUSED_VARIABLE = YES;
				IPHONEOS_DEPLOYMENT_TARGET = 12.1;
				MTL_ENABLE_DEBUG_INFO = INCLUDE_SOURCE;
				MTL_FAST_MATH = YES;
				ONLY_ACTIVE_ARCH = YES;
				SDKROOT = iphoneos;
				SWIFT_ACTIVE_COMPILATION_CONDITIONS = DEBUG;
				SWIFT_OPTIMIZATION_LEVEL = "-Onone";
			};
			name = Debug;
		};
		52C34D6F230ED7C000EA76DA /* Release */ = {
			isa = XCBuildConfiguration;
			buildSettings = {
				ALWAYS_SEARCH_USER_PATHS = NO;
				CLANG_ANALYZER_NONNULL = YES;
				CLANG_ANALYZER_NUMBER_OBJECT_CONVERSION = YES_AGGRESSIVE;
				CLANG_CXX_LANGUAGE_STANDARD = "gnu++14";
				CLANG_CXX_LIBRARY = "libc++";
				CLANG_ENABLE_MODULES = YES;
				CLANG_ENABLE_OBJC_ARC = YES;
				CLANG_ENABLE_OBJC_WEAK = YES;
				CLANG_WARN_BLOCK_CAPTURE_AUTORELEASING = YES;
				CLANG_WARN_BOOL_CONVERSION = YES;
				CLANG_WARN_COMMA = YES;
				CLANG_WARN_CONSTANT_CONVERSION = YES;
				CLANG_WARN_DEPRECATED_OBJC_IMPLEMENTATIONS = YES;
				CLANG_WARN_DIRECT_OBJC_ISA_USAGE = YES_ERROR;
				CLANG_WARN_DOCUMENTATION_COMMENTS = YES;
				CLANG_WARN_EMPTY_BODY = YES;
				CLANG_WARN_ENUM_CONVERSION = YES;
				CLANG_WARN_INFINITE_RECURSION = YES;
				CLANG_WARN_INT_CONVERSION = YES;
				CLANG_WARN_NON_LITERAL_NULL_CONVERSION = YES;
				CLANG_WARN_OBJC_IMPLICIT_RETAIN_SELF = YES;
				CLANG_WARN_OBJC_LITERAL_CONVERSION = YES;
				CLANG_WARN_OBJC_ROOT_CLASS = YES_ERROR;
				CLANG_WARN_RANGE_LOOP_ANALYSIS = YES;
				CLANG_WARN_STRICT_PROTOTYPES = YES;
				CLANG_WARN_SUSPICIOUS_MOVE = YES;
				CLANG_WARN_UNGUARDED_AVAILABILITY = YES_AGGRESSIVE;
				CLANG_WARN_UNREACHABLE_CODE = YES;
				CLANG_WARN__DUPLICATE_METHOD_MATCH = YES;
				CODE_SIGN_IDENTITY = "iPhone Developer";
				COPY_PHASE_STRIP = NO;
				DEBUG_INFORMATION_FORMAT = "dwarf-with-dsym";
				ENABLE_NS_ASSERTIONS = NO;
				ENABLE_STRICT_OBJC_MSGSEND = YES;
				GCC_C_LANGUAGE_STANDARD = gnu11;
				GCC_NO_COMMON_BLOCKS = YES;
				GCC_WARN_64_TO_32_BIT_CONVERSION = YES;
				GCC_WARN_ABOUT_RETURN_TYPE = YES_ERROR;
				GCC_WARN_UNDECLARED_SELECTOR = YES;
				GCC_WARN_UNINITIALIZED_AUTOS = YES_AGGRESSIVE;
				GCC_WARN_UNUSED_FUNCTION = YES;
				GCC_WARN_UNUSED_VARIABLE = YES;
				IPHONEOS_DEPLOYMENT_TARGET = 12.1;
				MTL_ENABLE_DEBUG_INFO = NO;
				MTL_FAST_MATH = YES;
				SDKROOT = iphoneos;
				SWIFT_COMPILATION_MODE = wholemodule;
				SWIFT_OPTIMIZATION_LEVEL = "-O";
				VALIDATE_PRODUCT = YES;
			};
			name = Release;
		};
		52C34D71230ED7C000EA76DA /* Debug */ = {
			isa = XCBuildConfiguration;
			buildSettings = {
				ASSETCATALOG_COMPILER_APPICON_NAME = AppIcon;
				CODE_SIGN_STYLE = Automatic;
				DEVELOPMENT_TEAM = Y2HZ842NP7;
				INFOPLIST_FILE = ThinMP/Info.plist;
				IPHONEOS_DEPLOYMENT_TARGET = 13.2;
				LD_RUNPATH_SEARCH_PATHS = (
					"$(inherited)",
					"@executable_path/Frameworks",
				);
				PRODUCT_BUNDLE_IDENTIFIER = tokyo.tkw.ThinMP;
				PRODUCT_NAME = "$(TARGET_NAME)";
				SWIFT_VERSION = 4.2;
				TARGETED_DEVICE_FAMILY = "1,2";
			};
			name = Debug;
		};
		52C34D72230ED7C000EA76DA /* Release */ = {
			isa = XCBuildConfiguration;
			buildSettings = {
				ASSETCATALOG_COMPILER_APPICON_NAME = AppIcon;
				CODE_SIGN_STYLE = Automatic;
				DEVELOPMENT_TEAM = Y2HZ842NP7;
				INFOPLIST_FILE = ThinMP/Info.plist;
				IPHONEOS_DEPLOYMENT_TARGET = 13.2;
				LD_RUNPATH_SEARCH_PATHS = (
					"$(inherited)",
					"@executable_path/Frameworks",
				);
				PRODUCT_BUNDLE_IDENTIFIER = tokyo.tkw.ThinMP;
				PRODUCT_NAME = "$(TARGET_NAME)";
				SWIFT_VERSION = 4.2;
				TARGETED_DEVICE_FAMILY = "1,2";
			};
			name = Release;
		};
/* End XCBuildConfiguration section */

/* Begin XCConfigurationList section */
		52C34D59230ED7BE00EA76DA /* Build configuration list for PBXProject "ThinMP" */ = {
			isa = XCConfigurationList;
			buildConfigurations = (
				52C34D6E230ED7C000EA76DA /* Debug */,
				52C34D6F230ED7C000EA76DA /* Release */,
			);
			defaultConfigurationIsVisible = 0;
			defaultConfigurationName = Release;
		};
		52C34D70230ED7C000EA76DA /* Build configuration list for PBXNativeTarget "ThinMP" */ = {
			isa = XCConfigurationList;
			buildConfigurations = (
				52C34D71230ED7C000EA76DA /* Debug */,
				52C34D72230ED7C000EA76DA /* Release */,
			);
			defaultConfigurationIsVisible = 0;
			defaultConfigurationName = Release;
		};
/* End XCConfigurationList section */
	};
	rootObject = 52C34D56230ED7BE00EA76DA /* Project object */;
}
