// !$*UTF8*$!
{
	archiveVersion = 1;
	classes = {
	};
	objectVersion = 52;
	objects = {

/* Begin PBXBuildFile section */
		5208604F266F9F73000155C2 /* MainEditPageView.swift in Sources */ = {isa = PBXBuildFile; fileRef = 5208604E266F9F73000155C2 /* MainEditPageView.swift */; };
		5208A24723CB383000AA4433 /* AlbumCellView.swift in Sources */ = {isa = PBXBuildFile; fileRef = 5208A24623CB383000AA4433 /* AlbumCellView.swift */; };
		520B1DC626A9A738008770C5 /* HeroSquareImageView.swift in Sources */ = {isa = PBXBuildFile; fileRef = 520B1DC526A9A738008770C5 /* HeroSquareImageView.swift */; };
		520B1DC826A9A7DB008770C5 /* HeroCircleImageView.swift in Sources */ = {isa = PBXBuildFile; fileRef = 520B1DC726A9A7DB008770C5 /* HeroCircleImageView.swift */; };
		5210DE0C26232EC1005829BA /* PlaylistDetailViewModel.swift in Sources */ = {isa = PBXBuildFile; fileRef = 5210DE0B26232EC1005829BA /* PlaylistDetailViewModel.swift */; };
		5211ADCC25CE99E400604D45 /* TitleView.swift in Sources */ = {isa = PBXBuildFile; fileRef = 5211ADCB25CE99E400604D45 /* TitleView.swift */; };
		5211ADD525CEBCEC00604D45 /* BlurView.swift in Sources */ = {isa = PBXBuildFile; fileRef = 5211ADD425CEBCEC00604D45 /* BlurView.swift */; };
		5219EA1C26152F3700E3A495 /* PlaylistSongRealmModel.swift in Sources */ = {isa = PBXBuildFile; fileRef = 5219EA1B26152F3700E3A495 /* PlaylistSongRealmModel.swift */; };
		5219EA21261539DB00E3A495 /* PlaylistRegisterView.swift in Sources */ = {isa = PBXBuildFile; fileRef = 5219EA20261539DB00E3A495 /* PlaylistRegisterView.swift */; };
		521C43202592B7D6009194FF /* ThinMP.swift in Sources */ = {isa = PBXBuildFile; fileRef = 521C431F2592B7D6009194FF /* ThinMP.swift */; };
		521CDDE3268FF1B100997F5E /* StyleConstant.swift in Sources */ = {isa = PBXBuildFile; fileRef = 521CDDE2268FF1B100997F5E /* StyleConstant.swift */; };
		52217A732598208F00921CFD /* FavoriteArtistRegister.swift in Sources */ = {isa = PBXBuildFile; fileRef = 52217A722598208F00921CFD /* FavoriteArtistRegister.swift */; };
		52217A782598256400921CFD /* FavoriteArtistRealmModel.swift in Sources */ = {isa = PBXBuildFile; fileRef = 52217A772598256400921CFD /* FavoriteArtistRealmModel.swift */; };
		522366D423D7B6500001624E /* SquareImageView.swift in Sources */ = {isa = PBXBuildFile; fileRef = 522366D323D7B6500001624E /* SquareImageView.swift */; };
		522366D623D7BADF0001624E /* CircleImageView.swift in Sources */ = {isa = PBXBuildFile; fileRef = 522366D523D7BADF0001624E /* CircleImageView.swift */; };
		5229C63F2665B92600C32F5C /* AlbumDetailService.swift in Sources */ = {isa = PBXBuildFile; fileRef = 5229C63E2665B92600C32F5C /* AlbumDetailService.swift */; };
		5229C6412665B9A500C32F5C /* AlbumDetailModel.swift in Sources */ = {isa = PBXBuildFile; fileRef = 5229C6402665B9A500C32F5C /* AlbumDetailModel.swift */; };
		522DF95125BE33FF00A95E66 /* ListEmptyHeaderView.swift in Sources */ = {isa = PBXBuildFile; fileRef = 522DF95025BE33FF00A95E66 /* ListEmptyHeaderView.swift */; };
		522FE0B02672C82B006158D7 /* MainMenuConfig.swift in Sources */ = {isa = PBXBuildFile; fileRef = 522FE0AF2672C82B006158D7 /* MainMenuConfig.swift */; };
		522FE0B32672D05E006158D7 /* LabelConstant.swift in Sources */ = {isa = PBXBuildFile; fileRef = 522FE0B22672D05E006158D7 /* LabelConstant.swift */; };
		5237636123C360C2003ABD2A /* ArtistModel.swift in Sources */ = {isa = PBXBuildFile; fileRef = 5237636023C360C2003ABD2A /* ArtistModel.swift */; };
		523C4C59259409DE00D7D32C /* Realm in Frameworks */ = {isa = PBXBuildFile; productRef = 523C4C58259409DE00D7D32C /* Realm */; };
		523C4C5B259409DE00D7D32C /* RealmSwift in Frameworks */ = {isa = PBXBuildFile; productRef = 523C4C5A259409DE00D7D32C /* RealmSwift */; };
		523DAC5D266E49600036843A /* AlbumsService.swift in Sources */ = {isa = PBXBuildFile; fileRef = 523DAC5C266E49600036843A /* AlbumsService.swift */; };
		523DAC5F266E4A210036843A /* ArtistsService.swift in Sources */ = {isa = PBXBuildFile; fileRef = 523DAC5E266E4A210036843A /* ArtistsService.swift */; };
		523DAC61266E4B470036843A /* FavoriteArtistsService.swift in Sources */ = {isa = PBXBuildFile; fileRef = 523DAC60266E4B470036843A /* FavoriteArtistsService.swift */; };
		523DAC63266E4BE10036843A /* FavoriteSongsService.swift in Sources */ = {isa = PBXBuildFile; fileRef = 523DAC62266E4BE10036843A /* FavoriteSongsService.swift */; };
		523DAC65266E4C980036843A /* PlaylistsService.swift in Sources */ = {isa = PBXBuildFile; fileRef = 523DAC64266E4C980036843A /* PlaylistsService.swift */; };
		523DAC67266E4D500036843A /* SongsService.swift in Sources */ = {isa = PBXBuildFile; fileRef = 523DAC66266E4D500036843A /* SongsService.swift */; };
		523E77E52665E95F0006B7F5 /* DetailProtocol.swift in Sources */ = {isa = PBXBuildFile; fileRef = 523E77E42665E95F0006B7F5 /* DetailProtocol.swift */; };
		523E77E7266685B10006B7F5 /* MainService.swift in Sources */ = {isa = PBXBuildFile; fileRef = 523E77E6266685B10006B7F5 /* MainService.swift */; };
		5242C10D2484684200347320 /* ListNavBarView.swift in Sources */ = {isa = PBXBuildFile; fileRef = 5242C10C2484684200347320 /* ListNavBarView.swift */; };
		52472C2C261FC43F00607809 /* PlaylistsViewModel.swift in Sources */ = {isa = PBXBuildFile; fileRef = 52472C2B261FC43F00607809 /* PlaylistsViewModel.swift */; };
		52481CDE25EB2EEB004DFAEB /* FavoriteSongsEditPageView.swift in Sources */ = {isa = PBXBuildFile; fileRef = 52481CDD25EB2EEB004DFAEB /* FavoriteSongsEditPageView.swift */; };
		52481CE125EB4273004DFAEB /* PlayRowView.swift in Sources */ = {isa = PBXBuildFile; fileRef = 52481CE025EB4273004DFAEB /* PlayRowView.swift */; };
		5248302026A4668F00A9CF54 /* PlaylistDeleteButtonView.swift in Sources */ = {isa = PBXBuildFile; fileRef = 5248301F26A4668F00A9CF54 /* PlaylistDeleteButtonView.swift */; };
		524A76E325E4EDBF0020443E /* FavoriteSongsPageView.swift in Sources */ = {isa = PBXBuildFile; fileRef = 524A76E225E4EDBF0020443E /* FavoriteSongsPageView.swift */; };
		524A76E825E4EF400020443E /* FavoriteSongsViewModel.swift in Sources */ = {isa = PBXBuildFile; fileRef = 524A76E725E4EF400020443E /* FavoriteSongsViewModel.swift */; };
		524BE502263BE1210033E198 /* EditNavBarView.swift in Sources */ = {isa = PBXBuildFile; fileRef = 524BE501263BE1210033E198 /* EditNavBarView.swift */; };
		525BD0D5261950F700459563 /* PopupView.swift in Sources */ = {isa = PBXBuildFile; fileRef = 525BD0D4261950F600459563 /* PopupView.swift */; };
		5260D768267F92CA00B4155D /* SongId.swift in Sources */ = {isa = PBXBuildFile; fileRef = 5260D767267F92CA00B4155D /* SongId.swift */; };
		5264BDD5267822F1009C7400 /* PlaylistModel.swift in Sources */ = {isa = PBXBuildFile; fileRef = 5264BDD4267822F1009C7400 /* PlaylistModel.swift */; };
		526648F625AB23690034D912 /* FavoriteArtistsEditPageView.swift in Sources */ = {isa = PBXBuildFile; fileRef = 526648F525AB23690034D912 /* FavoriteArtistsEditPageView.swift */; };
		5269C8B12699803A00A3E7DE /* PlainRowView.swift in Sources */ = {isa = PBXBuildFile; fileRef = 5269C8B02699803A00A3E7DE /* PlainRowView.swift */; };
		526A3B372366AC6F0070BE0A /* AlbumModel.swift in Sources */ = {isa = PBXBuildFile; fileRef = 526A3B362366AC6F0070BE0A /* AlbumModel.swift */; };
		526B8CE0269B30AC00A39770 /* .swiftlint.yml in Resources */ = {isa = PBXBuildFile; fileRef = 526B8CDF269B30AC00A39770 /* .swiftlint.yml */; };
		527177A22663C99400390A32 /* ShortcutCellView.swift in Sources */ = {isa = PBXBuildFile; fileRef = 527177A12663C99400390A32 /* ShortcutCellView.swift */; };
		527177A42663CA4A00390A32 /* ShortcutListView.swift in Sources */ = {isa = PBXBuildFile; fileRef = 527177A32663CA4A00390A32 /* ShortcutListView.swift */; };
		527177A62663D5D400390A32 /* AlbumListView.swift in Sources */ = {isa = PBXBuildFile; fileRef = 527177A52663D5D400390A32 /* AlbumListView.swift */; };
		527177A92663DC6600390A32 /* PlaylistDetailService.swift in Sources */ = {isa = PBXBuildFile; fileRef = 527177A82663DC6600390A32 /* PlaylistDetailService.swift */; };
		527177AB2663DD6500390A32 /* PlaylistDetailModel.swift in Sources */ = {isa = PBXBuildFile; fileRef = 527177AA2663DD6500390A32 /* PlaylistDetailModel.swift */; };
		527177AD2663E21900390A32 /* ArtistDetailService.swift in Sources */ = {isa = PBXBuildFile; fileRef = 527177AC2663E21900390A32 /* ArtistDetailService.swift */; };
		527177AF2663E2F800390A32 /* ArtistDetailModel.swift in Sources */ = {isa = PBXBuildFile; fileRef = 527177AE2663E2F800390A32 /* ArtistDetailModel.swift */; };
		52735EFC264441F600056222 /* MainViewModel.swift in Sources */ = {isa = PBXBuildFile; fileRef = 52735EFB264441F600056222 /* MainViewModel.swift */; };
		5273820026457DF5005DCE75 /* MenuModel.swift in Sources */ = {isa = PBXBuildFile; fileRef = 527381FF26457DF5005DCE75 /* MenuModel.swift */; };
		52739F7523D914B50010E578 /* HeroHeaderView.swift in Sources */ = {isa = PBXBuildFile; fileRef = 52739F7423D914B50010E578 /* HeroHeaderView.swift */; };
		52795DA7248DA73600DABD9D /* PlayerConfig.swift in Sources */ = {isa = PBXBuildFile; fileRef = 52795DA6248DA73600DABD9D /* PlayerConfig.swift */; };
		527B33EA26710F72002DD924 /* MainMenuButtonView.swift in Sources */ = {isa = PBXBuildFile; fileRef = 527B33E926710F72002DD924 /* MainMenuButtonView.swift */; };
		527B870A2612974100CB5BEB /* PlaylistDetailPageView.swift in Sources */ = {isa = PBXBuildFile; fileRef = 527B87092612974100CB5BEB /* PlaylistDetailPageView.swift */; };
		527B87112612992A00CB5BEB /* PlaylistRegister.swift in Sources */ = {isa = PBXBuildFile; fileRef = 527B87102612992A00CB5BEB /* PlaylistRegister.swift */; };
		527B871426129A2700CB5BEB /* PlaylistRealmModel.swift in Sources */ = {isa = PBXBuildFile; fileRef = 527B871326129A2700CB5BEB /* PlaylistRealmModel.swift */; };
		527FCE09262431A50073E4F8 /* PlaylistAddRowView.swift in Sources */ = {isa = PBXBuildFile; fileRef = 527FCE08262431A50073E4F8 /* PlaylistAddRowView.swift */; };
		528AF179267DC39900B7C620 /* MainEditViewModel.swift in Sources */ = {isa = PBXBuildFile; fileRef = 528AF178267DC39900B7C620 /* MainEditViewModel.swift */; };
		528AF180267E251100B7C620 /* Localizable.strings in Resources */ = {isa = PBXBuildFile; fileRef = 528AF182267E251100B7C620 /* Localizable.strings */; };
		5296E88C2489B27E0041D3A5 /* MenuImageView.swift in Sources */ = {isa = PBXBuildFile; fileRef = 5296E88B2489B27E0041D3A5 /* MenuImageView.swift */; };
		52A170C123E3AAA400C1ACD2 /* MusicPlayer.swift in Sources */ = {isa = PBXBuildFile; fileRef = 52A170C023E3AAA400C1ACD2 /* MusicPlayer.swift */; };
		52A46DCF23E54B0F00BAC9AA /* PlayerView.swift in Sources */ = {isa = PBXBuildFile; fileRef = 52A46DCE23E54B0F00BAC9AA /* PlayerView.swift */; };
		52A5B4D923D4014A003BE152 /* HeroNavBarView.swift in Sources */ = {isa = PBXBuildFile; fileRef = 52A5B4D823D4014A003BE152 /* HeroNavBarView.swift */; };
		52A75C3C25A04C0E0073C01B /* FavoriteArtistsPageView.swift in Sources */ = {isa = PBXBuildFile; fileRef = 52A75C3B25A04C0E0073C01B /* FavoriteArtistsPageView.swift */; };
		52A75C4025A04CCD0073C01B /* FavoriteArtistsViewModel.swift in Sources */ = {isa = PBXBuildFile; fileRef = 52A75C3F25A04CCD0073C01B /* FavoriteArtistsViewModel.swift */; };
		52AAAA39267F536B000880E0 /* PlaylistId.swift in Sources */ = {isa = PBXBuildFile; fileRef = 52AAAA38267F536B000880E0 /* PlaylistId.swift */; };
		52AAAA3E267F6F4B000880E0 /* ArtistId.swift in Sources */ = {isa = PBXBuildFile; fileRef = 52AAAA3D267F6F4B000880E0 /* ArtistId.swift */; };
		52AAAA40267F799B000880E0 /* AlbumId.swift in Sources */ = {isa = PBXBuildFile; fileRef = 52AAAA3F267F799B000880E0 /* AlbumId.swift */; };
		52AC16ED23CE8BE4001D427B /* SectionTitleView.swift in Sources */ = {isa = PBXBuildFile; fileRef = 52AC16EC23CE8BE4001D427B /* SectionTitleView.swift */; };
		52AC942A2621376300D41477 /* PlaylistsPageView.swift in Sources */ = {isa = PBXBuildFile; fileRef = 52AC94292621376300D41477 /* PlaylistsPageView.swift */; };
		52AC944126218E0F00D41477 /* ViewModelProtocol.swift in Sources */ = {isa = PBXBuildFile; fileRef = 52AC944026218E0F00D41477 /* ViewModelProtocol.swift */; };
		52B03A5E2681503900ECA36A /* ShortcutModel.swift in Sources */ = {isa = PBXBuildFile; fileRef = 52B03A5D2681503900ECA36A /* ShortcutModel.swift */; };
		52B03A602683EF0D00ECA36A /* ShortcutId.swift in Sources */ = {isa = PBXBuildFile; fileRef = 52B03A5F2683EF0D00ECA36A /* ShortcutId.swift */; };
		52B03A642683FEB100ECA36A /* ShortcutService.swift in Sources */ = {isa = PBXBuildFile; fileRef = 52B03A632683FEB100ECA36A /* ShortcutService.swift */; };
		52B03A6626854A5500ECA36A /* ItemId.swift in Sources */ = {isa = PBXBuildFile; fileRef = 52B03A6526854A5400ECA36A /* ItemId.swift */; };
		52B5BC8523DD45FA000C7820 /* MiniPlayerView.swift in Sources */ = {isa = PBXBuildFile; fileRef = 52B5BC8423DD45FA000C7820 /* MiniPlayerView.swift */; };
		52B6682023C19ADE00E70C47 /* ArtistsPageView.swift in Sources */ = {isa = PBXBuildFile; fileRef = 52B6681F23C19ADE00E70C47 /* ArtistsPageView.swift */; };
		52B6682523C19D8E00E70C47 /* ArtistsViewModel.swift in Sources */ = {isa = PBXBuildFile; fileRef = 52B6682423C19D8E00E70C47 /* ArtistsViewModel.swift */; };
		52BA93D723DA5A2100CA323F /* BackButtonView.swift in Sources */ = {isa = PBXBuildFile; fileRef = 52BA93D623DA5A2100CA323F /* BackButtonView.swift */; };
		52BA93D923DA648F00CA323F /* MenuButtonView.swift in Sources */ = {isa = PBXBuildFile; fileRef = 52BA93D823DA648F00CA323F /* MenuButtonView.swift */; };
		52C34D69230ED7C000EA76DA /* Assets.xcassets in Resources */ = {isa = PBXBuildFile; fileRef = 52C34D68230ED7C000EA76DA /* Assets.xcassets */; };
		52C3B24226AC6345006C841E /* FavoriteArtistRegisterProtocol.swift in Sources */ = {isa = PBXBuildFile; fileRef = 52C3B24126AC6345006C841E /* FavoriteArtistRegisterProtocol.swift */; };
		52C3B24426AC6755006C841E /* FavoriteSongRegisterProtocol.swift in Sources */ = {isa = PBXBuildFile; fileRef = 52C3B24326AC6755006C841E /* FavoriteSongRegisterProtocol.swift */; };
		52C3B24626AC67B8006C841E /* PlaylistRegisterProtocol.swift in Sources */ = {isa = PBXBuildFile; fileRef = 52C3B24526AC67B8006C841E /* PlaylistRegisterProtocol.swift */; };
		52C3B24826AC6822006C841E /* ShortcutRegisterProtocol.swift in Sources */ = {isa = PBXBuildFile; fileRef = 52C3B24726AC6822006C841E /* ShortcutRegisterProtocol.swift */; };
		52C5FA41264126F700B6269C /* MediaRowView.swift in Sources */ = {isa = PBXBuildFile; fileRef = 52C5FA40264126F700B6269C /* MediaRowView.swift */; };
		52C5FA43264127AC00B6269C /* MediaProtocol.swift in Sources */ = {isa = PBXBuildFile; fileRef = 52C5FA42264127AC00B6269C /* MediaProtocol.swift */; };
		52C5FA49264129D900B6269C /* SongModel.swift in Sources */ = {isa = PBXBuildFile; fileRef = 52C5FA48264129D900B6269C /* SongModel.swift */; };
		52C5FA4E2641711C00B6269C /* PlaylistDetailEditPageView.swift in Sources */ = {isa = PBXBuildFile; fileRef = 52C5FA4D2641711C00B6269C /* PlaylistDetailEditPageView.swift */; };
		52C69DE823CABF48006A0A83 /* AlbumDetailPageView.swift in Sources */ = {isa = PBXBuildFile; fileRef = 52C69DE723CABF48006A0A83 /* AlbumDetailPageView.swift */; };
		52CCDAD523C050E9000C474A /* MainPageView.swift in Sources */ = {isa = PBXBuildFile; fileRef = 52CCDAD423C050E9000C474A /* MainPageView.swift */; };
		52CEABEE2642E4C4000A3958 /* SongRepository.swift in Sources */ = {isa = PBXBuildFile; fileRef = 52CEABED2642E4C4000A3958 /* SongRepository.swift */; };
		52CEABF02642E5C9000A3958 /* AlbumRepository.swift in Sources */ = {isa = PBXBuildFile; fileRef = 52CEABEF2642E5C9000A3958 /* AlbumRepository.swift */; };
		52CEABF22642E6DE000A3958 /* ArtistRepository.swift in Sources */ = {isa = PBXBuildFile; fileRef = 52CEABF12642E6DE000A3958 /* ArtistRepository.swift */; };
		52CEABF52642EABD000A3958 /* FavoriteArtistRepository.swift in Sources */ = {isa = PBXBuildFile; fileRef = 52CEABF42642EABD000A3958 /* FavoriteArtistRepository.swift */; };
		52CEABF72642EDF7000A3958 /* FavoriteSongRepository.swift in Sources */ = {isa = PBXBuildFile; fileRef = 52CEABF62642EDF7000A3958 /* FavoriteSongRepository.swift */; };
		52CEABFB2642F060000A3958 /* PlaylistRepository.swift in Sources */ = {isa = PBXBuildFile; fileRef = 52CEABFA2642F060000A3958 /* PlaylistRepository.swift */; };
		52D4B5C823C3EF55000364F4 /* ArtistDetailPageView.swift in Sources */ = {isa = PBXBuildFile; fileRef = 52D4B5C723C3EF55000364F4 /* ArtistDetailPageView.swift */; };
		52D98E7223CC5D9D0032971A /* SongsPageView.swift in Sources */ = {isa = PBXBuildFile; fileRef = 52D98E7123CC5D9D0032971A /* SongsPageView.swift */; };
		52D98E7423CC5E780032971A /* SongsViewModel.swift in Sources */ = {isa = PBXBuildFile; fileRef = 52D98E7323CC5E780032971A /* SongsViewModel.swift */; };
		52D98E7A23CC6B530032971A /* PrimaryTextView.swift in Sources */ = {isa = PBXBuildFile; fileRef = 52D98E7923CC6B530032971A /* PrimaryTextView.swift */; };
		52D98E7C23CC6C280032971A /* SecondaryTextView.swift in Sources */ = {isa = PBXBuildFile; fileRef = 52D98E7B23CC6C280032971A /* SecondaryTextView.swift */; };
		52D98E7E23CC6F600032971A /* AlbumDetailViewModel.swift in Sources */ = {isa = PBXBuildFile; fileRef = 52D98E7D23CC6F600032971A /* AlbumDetailViewModel.swift */; };
		52DA79B526ABCCB300CCD2F2 /* ShortcutRowView.swift in Sources */ = {isa = PBXBuildFile; fileRef = 52DA79B426ABCCB300CCD2F2 /* ShortcutRowView.swift */; };
		52DF46E22646358D003A57F0 /* ShortcutRealmModel.swift in Sources */ = {isa = PBXBuildFile; fileRef = 52DF46E12646358D003A57F0 /* ShortcutRealmModel.swift */; };
		52DF46E426463860003A57F0 /* ShortcutRegister.swift in Sources */ = {isa = PBXBuildFile; fileRef = 52DF46E326463860003A57F0 /* ShortcutRegister.swift */; };
		52DF46E6264639B3003A57F0 /* ShortcutRepository.swift in Sources */ = {isa = PBXBuildFile; fileRef = 52DF46E5264639B3003A57F0 /* ShortcutRepository.swift */; };
		52DF46E826464A67003A57F0 /* ShortcutButtonView.swift in Sources */ = {isa = PBXBuildFile; fileRef = 52DF46E726464A67003A57F0 /* ShortcutButtonView.swift */; };
		52DF46EE2647AE9A003A57F0 /* ShortcutItemIdProtocol.swift in Sources */ = {isa = PBXBuildFile; fileRef = 52DF46ED2647AE9A003A57F0 /* ShortcutItemIdProtocol.swift */; };
		52E0459C2674C0F900ACD0AB /* MenuEditRowView.swift in Sources */ = {isa = PBXBuildFile; fileRef = 52E0459B2674C0F900ACD0AB /* MenuEditRowView.swift */; };
		52E0459E2674DD2100ACD0AB /* MainSectionConfig.swift in Sources */ = {isa = PBXBuildFile; fileRef = 52E0459D2674DD2100ACD0AB /* MainSectionConfig.swift */; };
		52E21A6C26340DF000C40464 /* PlaylistsEditPageView.swift in Sources */ = {isa = PBXBuildFile; fileRef = 52E21A6B26340DF000C40464 /* PlaylistsEditPageView.swift */; };
		52E7AC7026A06CDD00B61EAD /* MenuTextView.swift in Sources */ = {isa = PBXBuildFile; fileRef = 52E7AC6F26A06CDD00B61EAD /* MenuTextView.swift */; };
		52E7AC7226A06DA500B61EAD /* MainTitleView.swift in Sources */ = {isa = PBXBuildFile; fileRef = 52E7AC7126A06DA500B61EAD /* MainTitleView.swift */; };
		52E8EF772699ABC1005C8E62 /* MenuRowView.swift in Sources */ = {isa = PBXBuildFile; fileRef = 52E8EF762699ABC1005C8E62 /* MenuRowView.swift */; };
		52E8EF792699B11F005C8E62 /* HeaderTitleView.swift in Sources */ = {isa = PBXBuildFile; fileRef = 52E8EF782699B11F005C8E62 /* HeaderTitleView.swift */; };
		52EE4D9323C542A700CFF2A3 /* ArtistDetailViewModel.swift in Sources */ = {isa = PBXBuildFile; fileRef = 52EE4D9223C542A700CFF2A3 /* ArtistDetailViewModel.swift */; };
		52EEEAF425E0CD2700C4DC2B /* FavoriteSongRegister.swift in Sources */ = {isa = PBXBuildFile; fileRef = 52EEEAF325E0CD2700C4DC2B /* FavoriteSongRegister.swift */; };
		52EEEAF725E0CD9000C4DC2B /* FavoriteSongRealmModel.swift in Sources */ = {isa = PBXBuildFile; fileRef = 52EEEAF625E0CD9000C4DC2B /* FavoriteSongRealmModel.swift */; };
		52F286FE23C7E5420056BFE3 /* AlbumsPageView.swift in Sources */ = {isa = PBXBuildFile; fileRef = 52F286FD23C7E5420056BFE3 /* AlbumsPageView.swift */; };
		52F63FF423C7FA2500449934 /* AlbumsViewModel.swift in Sources */ = {isa = PBXBuildFile; fileRef = 52F63FF323C7FA2500449934 /* AlbumsViewModel.swift */; };
		52F979C625EBBCA80085F306 /* EditButtonView.swift in Sources */ = {isa = PBXBuildFile; fileRef = 52F979C525EBBCA80085F306 /* EditButtonView.swift */; };
		52F979CE25EBC3AC0085F306 /* FavoriteArtistButtonView.swift in Sources */ = {isa = PBXBuildFile; fileRef = 52F979CD25EBC3AC0085F306 /* FavoriteArtistButtonView.swift */; };
		52F979D225EBC5730085F306 /* FavoriteSongButtonView.swift in Sources */ = {isa = PBXBuildFile; fileRef = 52F979D125EBC5730085F306 /* FavoriteSongButtonView.swift */; };
/* End PBXBuildFile section */

/* Begin PBXFileReference section */
		5208604E266F9F73000155C2 /* MainEditPageView.swift */ = {isa = PBXFileReference; lastKnownFileType = sourcecode.swift; path = MainEditPageView.swift; sourceTree = "<group>"; };
		5208A24623CB383000AA4433 /* AlbumCellView.swift */ = {isa = PBXFileReference; lastKnownFileType = sourcecode.swift; path = AlbumCellView.swift; sourceTree = "<group>"; };
		520B1DC526A9A738008770C5 /* HeroSquareImageView.swift */ = {isa = PBXFileReference; lastKnownFileType = sourcecode.swift; path = HeroSquareImageView.swift; sourceTree = "<group>"; };
		520B1DC726A9A7DB008770C5 /* HeroCircleImageView.swift */ = {isa = PBXFileReference; lastKnownFileType = sourcecode.swift; path = HeroCircleImageView.swift; sourceTree = "<group>"; };
		5210DE0B26232EC1005829BA /* PlaylistDetailViewModel.swift */ = {isa = PBXFileReference; lastKnownFileType = sourcecode.swift; path = PlaylistDetailViewModel.swift; sourceTree = "<group>"; };
		5211ADCB25CE99E400604D45 /* TitleView.swift */ = {isa = PBXFileReference; lastKnownFileType = sourcecode.swift; path = TitleView.swift; sourceTree = "<group>"; };
		5211ADD425CEBCEC00604D45 /* BlurView.swift */ = {isa = PBXFileReference; lastKnownFileType = sourcecode.swift; path = BlurView.swift; sourceTree = "<group>"; };
		5219EA1B26152F3700E3A495 /* PlaylistSongRealmModel.swift */ = {isa = PBXFileReference; lastKnownFileType = sourcecode.swift; path = PlaylistSongRealmModel.swift; sourceTree = "<group>"; };
		5219EA20261539DB00E3A495 /* PlaylistRegisterView.swift */ = {isa = PBXFileReference; lastKnownFileType = sourcecode.swift; path = PlaylistRegisterView.swift; sourceTree = "<group>"; };
		521C431F2592B7D6009194FF /* ThinMP.swift */ = {isa = PBXFileReference; lastKnownFileType = sourcecode.swift; path = ThinMP.swift; sourceTree = "<group>"; };
		521CDDE2268FF1B100997F5E /* StyleConstant.swift */ = {isa = PBXFileReference; lastKnownFileType = sourcecode.swift; path = StyleConstant.swift; sourceTree = "<group>"; };
		52217A722598208F00921CFD /* FavoriteArtistRegister.swift */ = {isa = PBXFileReference; lastKnownFileType = sourcecode.swift; path = FavoriteArtistRegister.swift; sourceTree = "<group>"; };
		52217A772598256400921CFD /* FavoriteArtistRealmModel.swift */ = {isa = PBXFileReference; lastKnownFileType = sourcecode.swift; path = FavoriteArtistRealmModel.swift; sourceTree = "<group>"; };
		522366D323D7B6500001624E /* SquareImageView.swift */ = {isa = PBXFileReference; lastKnownFileType = sourcecode.swift; path = SquareImageView.swift; sourceTree = "<group>"; };
		522366D523D7BADF0001624E /* CircleImageView.swift */ = {isa = PBXFileReference; lastKnownFileType = sourcecode.swift; path = CircleImageView.swift; sourceTree = "<group>"; };
		5229C63E2665B92600C32F5C /* AlbumDetailService.swift */ = {isa = PBXFileReference; lastKnownFileType = sourcecode.swift; path = AlbumDetailService.swift; sourceTree = "<group>"; };
		5229C6402665B9A500C32F5C /* AlbumDetailModel.swift */ = {isa = PBXFileReference; lastKnownFileType = sourcecode.swift; path = AlbumDetailModel.swift; sourceTree = "<group>"; };
		522DF95025BE33FF00A95E66 /* ListEmptyHeaderView.swift */ = {isa = PBXFileReference; lastKnownFileType = sourcecode.swift; path = ListEmptyHeaderView.swift; sourceTree = "<group>"; };
		522FE0AF2672C82B006158D7 /* MainMenuConfig.swift */ = {isa = PBXFileReference; lastKnownFileType = sourcecode.swift; path = MainMenuConfig.swift; sourceTree = "<group>"; };
		522FE0B22672D05E006158D7 /* LabelConstant.swift */ = {isa = PBXFileReference; lastKnownFileType = sourcecode.swift; path = LabelConstant.swift; sourceTree = "<group>"; };
		5237636023C360C2003ABD2A /* ArtistModel.swift */ = {isa = PBXFileReference; lastKnownFileType = sourcecode.swift; path = ArtistModel.swift; sourceTree = "<group>"; };
		523DAC5C266E49600036843A /* AlbumsService.swift */ = {isa = PBXFileReference; lastKnownFileType = sourcecode.swift; path = AlbumsService.swift; sourceTree = "<group>"; };
		523DAC5E266E4A210036843A /* ArtistsService.swift */ = {isa = PBXFileReference; lastKnownFileType = sourcecode.swift; path = ArtistsService.swift; sourceTree = "<group>"; };
		523DAC60266E4B470036843A /* FavoriteArtistsService.swift */ = {isa = PBXFileReference; lastKnownFileType = sourcecode.swift; path = FavoriteArtistsService.swift; sourceTree = "<group>"; };
		523DAC62266E4BE10036843A /* FavoriteSongsService.swift */ = {isa = PBXFileReference; lastKnownFileType = sourcecode.swift; path = FavoriteSongsService.swift; sourceTree = "<group>"; };
		523DAC64266E4C980036843A /* PlaylistsService.swift */ = {isa = PBXFileReference; lastKnownFileType = sourcecode.swift; path = PlaylistsService.swift; sourceTree = "<group>"; };
		523DAC66266E4D500036843A /* SongsService.swift */ = {isa = PBXFileReference; lastKnownFileType = sourcecode.swift; path = SongsService.swift; sourceTree = "<group>"; };
		523E77E42665E95F0006B7F5 /* DetailProtocol.swift */ = {isa = PBXFileReference; lastKnownFileType = sourcecode.swift; path = DetailProtocol.swift; sourceTree = "<group>"; };
		523E77E6266685B10006B7F5 /* MainService.swift */ = {isa = PBXFileReference; lastKnownFileType = sourcecode.swift; path = MainService.swift; sourceTree = "<group>"; };
		5242C10C2484684200347320 /* ListNavBarView.swift */ = {isa = PBXFileReference; lastKnownFileType = sourcecode.swift; path = ListNavBarView.swift; sourceTree = "<group>"; };
		52472C2B261FC43F00607809 /* PlaylistsViewModel.swift */ = {isa = PBXFileReference; lastKnownFileType = sourcecode.swift; path = PlaylistsViewModel.swift; sourceTree = "<group>"; };
		52481CDD25EB2EEB004DFAEB /* FavoriteSongsEditPageView.swift */ = {isa = PBXFileReference; lastKnownFileType = sourcecode.swift; path = FavoriteSongsEditPageView.swift; sourceTree = "<group>"; };
		52481CE025EB4273004DFAEB /* PlayRowView.swift */ = {isa = PBXFileReference; lastKnownFileType = sourcecode.swift; path = PlayRowView.swift; sourceTree = "<group>"; };
		5248301F26A4668F00A9CF54 /* PlaylistDeleteButtonView.swift */ = {isa = PBXFileReference; lastKnownFileType = sourcecode.swift; path = PlaylistDeleteButtonView.swift; sourceTree = "<group>"; };
		524A76E225E4EDBF0020443E /* FavoriteSongsPageView.swift */ = {isa = PBXFileReference; lastKnownFileType = sourcecode.swift; path = FavoriteSongsPageView.swift; sourceTree = "<group>"; };
		524A76E725E4EF400020443E /* FavoriteSongsViewModel.swift */ = {isa = PBXFileReference; lastKnownFileType = sourcecode.swift; path = FavoriteSongsViewModel.swift; sourceTree = "<group>"; };
		524BE501263BE1210033E198 /* EditNavBarView.swift */ = {isa = PBXFileReference; lastKnownFileType = sourcecode.swift; path = EditNavBarView.swift; sourceTree = "<group>"; };
		525BD0D4261950F600459563 /* PopupView.swift */ = {isa = PBXFileReference; lastKnownFileType = sourcecode.swift; path = PopupView.swift; sourceTree = "<group>"; };
		5260D767267F92CA00B4155D /* SongId.swift */ = {isa = PBXFileReference; lastKnownFileType = sourcecode.swift; path = SongId.swift; sourceTree = "<group>"; };
		5264BDD4267822F1009C7400 /* PlaylistModel.swift */ = {isa = PBXFileReference; lastKnownFileType = sourcecode.swift; path = PlaylistModel.swift; sourceTree = "<group>"; };
		526648F525AB23690034D912 /* FavoriteArtistsEditPageView.swift */ = {isa = PBXFileReference; lastKnownFileType = sourcecode.swift; path = FavoriteArtistsEditPageView.swift; sourceTree = "<group>"; };
		5269C8B02699803A00A3E7DE /* PlainRowView.swift */ = {isa = PBXFileReference; lastKnownFileType = sourcecode.swift; path = PlainRowView.swift; sourceTree = "<group>"; };
		526A3B362366AC6F0070BE0A /* AlbumModel.swift */ = {isa = PBXFileReference; lastKnownFileType = sourcecode.swift; path = AlbumModel.swift; sourceTree = "<group>"; };
		526B8CDF269B30AC00A39770 /* .swiftlint.yml */ = {isa = PBXFileReference; lastKnownFileType = text.yaml; path = .swiftlint.yml; sourceTree = "<group>"; };
		527177A12663C99400390A32 /* ShortcutCellView.swift */ = {isa = PBXFileReference; lastKnownFileType = sourcecode.swift; path = ShortcutCellView.swift; sourceTree = "<group>"; };
		527177A32663CA4A00390A32 /* ShortcutListView.swift */ = {isa = PBXFileReference; lastKnownFileType = sourcecode.swift; path = ShortcutListView.swift; sourceTree = "<group>"; };
		527177A52663D5D400390A32 /* AlbumListView.swift */ = {isa = PBXFileReference; lastKnownFileType = sourcecode.swift; path = AlbumListView.swift; sourceTree = "<group>"; };
		527177A82663DC6600390A32 /* PlaylistDetailService.swift */ = {isa = PBXFileReference; lastKnownFileType = sourcecode.swift; path = PlaylistDetailService.swift; sourceTree = "<group>"; };
		527177AA2663DD6500390A32 /* PlaylistDetailModel.swift */ = {isa = PBXFileReference; lastKnownFileType = sourcecode.swift; path = PlaylistDetailModel.swift; sourceTree = "<group>"; };
		527177AC2663E21900390A32 /* ArtistDetailService.swift */ = {isa = PBXFileReference; lastKnownFileType = sourcecode.swift; path = ArtistDetailService.swift; sourceTree = "<group>"; };
		527177AE2663E2F800390A32 /* ArtistDetailModel.swift */ = {isa = PBXFileReference; lastKnownFileType = sourcecode.swift; path = ArtistDetailModel.swift; sourceTree = "<group>"; };
		52735EFB264441F600056222 /* MainViewModel.swift */ = {isa = PBXFileReference; lastKnownFileType = sourcecode.swift; path = MainViewModel.swift; sourceTree = "<group>"; };
		527381FF26457DF5005DCE75 /* MenuModel.swift */ = {isa = PBXFileReference; lastKnownFileType = sourcecode.swift; path = MenuModel.swift; sourceTree = "<group>"; };
		52739F7423D914B50010E578 /* HeroHeaderView.swift */ = {isa = PBXFileReference; lastKnownFileType = sourcecode.swift; path = HeroHeaderView.swift; sourceTree = "<group>"; };
		52795DA6248DA73600DABD9D /* PlayerConfig.swift */ = {isa = PBXFileReference; lastKnownFileType = sourcecode.swift; path = PlayerConfig.swift; sourceTree = "<group>"; };
		527B33E926710F72002DD924 /* MainMenuButtonView.swift */ = {isa = PBXFileReference; lastKnownFileType = sourcecode.swift; path = MainMenuButtonView.swift; sourceTree = "<group>"; };
		527B87092612974100CB5BEB /* PlaylistDetailPageView.swift */ = {isa = PBXFileReference; lastKnownFileType = sourcecode.swift; path = PlaylistDetailPageView.swift; sourceTree = "<group>"; };
		527B87102612992A00CB5BEB /* PlaylistRegister.swift */ = {isa = PBXFileReference; lastKnownFileType = sourcecode.swift; path = PlaylistRegister.swift; sourceTree = "<group>"; };
		527B871326129A2700CB5BEB /* PlaylistRealmModel.swift */ = {isa = PBXFileReference; lastKnownFileType = sourcecode.swift; path = PlaylistRealmModel.swift; sourceTree = "<group>"; };
		527FCE08262431A50073E4F8 /* PlaylistAddRowView.swift */ = {isa = PBXFileReference; lastKnownFileType = sourcecode.swift; path = PlaylistAddRowView.swift; sourceTree = "<group>"; };
		528AF178267DC39900B7C620 /* MainEditViewModel.swift */ = {isa = PBXFileReference; lastKnownFileType = sourcecode.swift; path = MainEditViewModel.swift; sourceTree = "<group>"; };
		528AF181267E251100B7C620 /* en */ = {isa = PBXFileReference; lastKnownFileType = text.plist.strings; name = en; path = en.lproj/Localizable.strings; sourceTree = "<group>"; };
		528AF183267E252100B7C620 /* ja */ = {isa = PBXFileReference; lastKnownFileType = text.plist.strings; name = ja; path = ja.lproj/Localizable.strings; sourceTree = "<group>"; };
		5296E88B2489B27E0041D3A5 /* MenuImageView.swift */ = {isa = PBXFileReference; lastKnownFileType = sourcecode.swift; path = MenuImageView.swift; sourceTree = "<group>"; };
		52A170C023E3AAA400C1ACD2 /* MusicPlayer.swift */ = {isa = PBXFileReference; lastKnownFileType = sourcecode.swift; path = MusicPlayer.swift; sourceTree = "<group>"; };
		52A46DCE23E54B0F00BAC9AA /* PlayerView.swift */ = {isa = PBXFileReference; lastKnownFileType = sourcecode.swift; path = PlayerView.swift; sourceTree = "<group>"; };
		52A5B4D823D4014A003BE152 /* HeroNavBarView.swift */ = {isa = PBXFileReference; lastKnownFileType = sourcecode.swift; path = HeroNavBarView.swift; sourceTree = "<group>"; };
		52A75C3B25A04C0E0073C01B /* FavoriteArtistsPageView.swift */ = {isa = PBXFileReference; lastKnownFileType = sourcecode.swift; path = FavoriteArtistsPageView.swift; sourceTree = "<group>"; };
		52A75C3F25A04CCD0073C01B /* FavoriteArtistsViewModel.swift */ = {isa = PBXFileReference; lastKnownFileType = sourcecode.swift; path = FavoriteArtistsViewModel.swift; sourceTree = "<group>"; };
		52AAAA38267F536B000880E0 /* PlaylistId.swift */ = {isa = PBXFileReference; lastKnownFileType = sourcecode.swift; path = PlaylistId.swift; sourceTree = "<group>"; };
		52AAAA3D267F6F4B000880E0 /* ArtistId.swift */ = {isa = PBXFileReference; lastKnownFileType = sourcecode.swift; path = ArtistId.swift; sourceTree = "<group>"; };
		52AAAA3F267F799B000880E0 /* AlbumId.swift */ = {isa = PBXFileReference; lastKnownFileType = sourcecode.swift; path = AlbumId.swift; sourceTree = "<group>"; };
		52AC16EC23CE8BE4001D427B /* SectionTitleView.swift */ = {isa = PBXFileReference; lastKnownFileType = sourcecode.swift; path = SectionTitleView.swift; sourceTree = "<group>"; };
		52AC94292621376300D41477 /* PlaylistsPageView.swift */ = {isa = PBXFileReference; lastKnownFileType = sourcecode.swift; path = PlaylistsPageView.swift; sourceTree = "<group>"; };
		52AC944026218E0F00D41477 /* ViewModelProtocol.swift */ = {isa = PBXFileReference; lastKnownFileType = sourcecode.swift; path = ViewModelProtocol.swift; sourceTree = "<group>"; };
		52B03A5D2681503900ECA36A /* ShortcutModel.swift */ = {isa = PBXFileReference; lastKnownFileType = sourcecode.swift; path = ShortcutModel.swift; sourceTree = "<group>"; };
		52B03A5F2683EF0D00ECA36A /* ShortcutId.swift */ = {isa = PBXFileReference; lastKnownFileType = sourcecode.swift; path = ShortcutId.swift; sourceTree = "<group>"; };
		52B03A632683FEB100ECA36A /* ShortcutService.swift */ = {isa = PBXFileReference; lastKnownFileType = sourcecode.swift; path = ShortcutService.swift; sourceTree = "<group>"; };
		52B03A6526854A5400ECA36A /* ItemId.swift */ = {isa = PBXFileReference; lastKnownFileType = sourcecode.swift; path = ItemId.swift; sourceTree = "<group>"; };
		52B5BC8423DD45FA000C7820 /* MiniPlayerView.swift */ = {isa = PBXFileReference; lastKnownFileType = sourcecode.swift; path = MiniPlayerView.swift; sourceTree = "<group>"; };
		52B6681F23C19ADE00E70C47 /* ArtistsPageView.swift */ = {isa = PBXFileReference; lastKnownFileType = sourcecode.swift; path = ArtistsPageView.swift; sourceTree = "<group>"; };
		52B6682423C19D8E00E70C47 /* ArtistsViewModel.swift */ = {isa = PBXFileReference; lastKnownFileType = sourcecode.swift; path = ArtistsViewModel.swift; sourceTree = "<group>"; };
		52BA93D623DA5A2100CA323F /* BackButtonView.swift */ = {isa = PBXFileReference; lastKnownFileType = sourcecode.swift; path = BackButtonView.swift; sourceTree = "<group>"; };
		52BA93D823DA648F00CA323F /* MenuButtonView.swift */ = {isa = PBXFileReference; lastKnownFileType = sourcecode.swift; path = MenuButtonView.swift; sourceTree = "<group>"; };
		52C34D5E230ED7BE00EA76DA /* ThinMP.app */ = {isa = PBXFileReference; explicitFileType = wrapper.application; includeInIndex = 0; path = ThinMP.app; sourceTree = BUILT_PRODUCTS_DIR; };
		52C34D68230ED7C000EA76DA /* Assets.xcassets */ = {isa = PBXFileReference; lastKnownFileType = folder.assetcatalog; path = Assets.xcassets; sourceTree = "<group>"; };
		52C34D6D230ED7C000EA76DA /* Info.plist */ = {isa = PBXFileReference; lastKnownFileType = text.plist.xml; path = Info.plist; sourceTree = "<group>"; };
		52C3B24126AC6345006C841E /* FavoriteArtistRegisterProtocol.swift */ = {isa = PBXFileReference; lastKnownFileType = sourcecode.swift; path = FavoriteArtistRegisterProtocol.swift; sourceTree = "<group>"; };
		52C3B24326AC6755006C841E /* FavoriteSongRegisterProtocol.swift */ = {isa = PBXFileReference; lastKnownFileType = sourcecode.swift; path = FavoriteSongRegisterProtocol.swift; sourceTree = "<group>"; };
		52C3B24526AC67B8006C841E /* PlaylistRegisterProtocol.swift */ = {isa = PBXFileReference; lastKnownFileType = sourcecode.swift; path = PlaylistRegisterProtocol.swift; sourceTree = "<group>"; };
		52C3B24726AC6822006C841E /* ShortcutRegisterProtocol.swift */ = {isa = PBXFileReference; lastKnownFileType = sourcecode.swift; path = ShortcutRegisterProtocol.swift; sourceTree = "<group>"; };
		52C5FA40264126F700B6269C /* MediaRowView.swift */ = {isa = PBXFileReference; lastKnownFileType = sourcecode.swift; path = MediaRowView.swift; sourceTree = "<group>"; };
		52C5FA42264127AC00B6269C /* MediaProtocol.swift */ = {isa = PBXFileReference; lastKnownFileType = sourcecode.swift; path = MediaProtocol.swift; sourceTree = "<group>"; };
		52C5FA48264129D900B6269C /* SongModel.swift */ = {isa = PBXFileReference; lastKnownFileType = sourcecode.swift; path = SongModel.swift; sourceTree = "<group>"; };
		52C5FA4D2641711C00B6269C /* PlaylistDetailEditPageView.swift */ = {isa = PBXFileReference; lastKnownFileType = sourcecode.swift; path = PlaylistDetailEditPageView.swift; sourceTree = "<group>"; };
		52C69DE723CABF48006A0A83 /* AlbumDetailPageView.swift */ = {isa = PBXFileReference; lastKnownFileType = sourcecode.swift; path = AlbumDetailPageView.swift; sourceTree = "<group>"; };
		52CCDAD423C050E9000C474A /* MainPageView.swift */ = {isa = PBXFileReference; lastKnownFileType = sourcecode.swift; path = MainPageView.swift; sourceTree = "<group>"; };
		52CEABED2642E4C4000A3958 /* SongRepository.swift */ = {isa = PBXFileReference; lastKnownFileType = sourcecode.swift; path = SongRepository.swift; sourceTree = "<group>"; };
		52CEABEF2642E5C9000A3958 /* AlbumRepository.swift */ = {isa = PBXFileReference; lastKnownFileType = sourcecode.swift; path = AlbumRepository.swift; sourceTree = "<group>"; };
		52CEABF12642E6DE000A3958 /* ArtistRepository.swift */ = {isa = PBXFileReference; lastKnownFileType = sourcecode.swift; path = ArtistRepository.swift; sourceTree = "<group>"; };
		52CEABF42642EABD000A3958 /* FavoriteArtistRepository.swift */ = {isa = PBXFileReference; lastKnownFileType = sourcecode.swift; path = FavoriteArtistRepository.swift; sourceTree = "<group>"; };
		52CEABF62642EDF7000A3958 /* FavoriteSongRepository.swift */ = {isa = PBXFileReference; lastKnownFileType = sourcecode.swift; path = FavoriteSongRepository.swift; sourceTree = "<group>"; };
		52CEABFA2642F060000A3958 /* PlaylistRepository.swift */ = {isa = PBXFileReference; lastKnownFileType = sourcecode.swift; path = PlaylistRepository.swift; sourceTree = "<group>"; };
		52D4B5C723C3EF55000364F4 /* ArtistDetailPageView.swift */ = {isa = PBXFileReference; lastKnownFileType = sourcecode.swift; path = ArtistDetailPageView.swift; sourceTree = "<group>"; };
		52D98E7123CC5D9D0032971A /* SongsPageView.swift */ = {isa = PBXFileReference; lastKnownFileType = sourcecode.swift; path = SongsPageView.swift; sourceTree = "<group>"; };
		52D98E7323CC5E780032971A /* SongsViewModel.swift */ = {isa = PBXFileReference; lastKnownFileType = sourcecode.swift; path = SongsViewModel.swift; sourceTree = "<group>"; };
		52D98E7923CC6B530032971A /* PrimaryTextView.swift */ = {isa = PBXFileReference; lastKnownFileType = sourcecode.swift; path = PrimaryTextView.swift; sourceTree = "<group>"; };
		52D98E7B23CC6C280032971A /* SecondaryTextView.swift */ = {isa = PBXFileReference; lastKnownFileType = sourcecode.swift; path = SecondaryTextView.swift; sourceTree = "<group>"; };
		52D98E7D23CC6F600032971A /* AlbumDetailViewModel.swift */ = {isa = PBXFileReference; lastKnownFileType = sourcecode.swift; path = AlbumDetailViewModel.swift; sourceTree = "<group>"; };
		52DA79B426ABCCB300CCD2F2 /* ShortcutRowView.swift */ = {isa = PBXFileReference; lastKnownFileType = sourcecode.swift; path = ShortcutRowView.swift; sourceTree = "<group>"; };
		52DF46E12646358D003A57F0 /* ShortcutRealmModel.swift */ = {isa = PBXFileReference; lastKnownFileType = sourcecode.swift; path = ShortcutRealmModel.swift; sourceTree = "<group>"; };
		52DF46E326463860003A57F0 /* ShortcutRegister.swift */ = {isa = PBXFileReference; lastKnownFileType = sourcecode.swift; path = ShortcutRegister.swift; sourceTree = "<group>"; };
		52DF46E5264639B3003A57F0 /* ShortcutRepository.swift */ = {isa = PBXFileReference; lastKnownFileType = sourcecode.swift; path = ShortcutRepository.swift; sourceTree = "<group>"; };
		52DF46E726464A67003A57F0 /* ShortcutButtonView.swift */ = {isa = PBXFileReference; lastKnownFileType = sourcecode.swift; path = ShortcutButtonView.swift; sourceTree = "<group>"; };
		52DF46ED2647AE9A003A57F0 /* ShortcutItemIdProtocol.swift */ = {isa = PBXFileReference; lastKnownFileType = sourcecode.swift; path = ShortcutItemIdProtocol.swift; sourceTree = "<group>"; };
		52E0459B2674C0F900ACD0AB /* MenuEditRowView.swift */ = {isa = PBXFileReference; lastKnownFileType = sourcecode.swift; path = MenuEditRowView.swift; sourceTree = "<group>"; };
		52E0459D2674DD2100ACD0AB /* MainSectionConfig.swift */ = {isa = PBXFileReference; lastKnownFileType = sourcecode.swift; path = MainSectionConfig.swift; sourceTree = "<group>"; };
		52E21A6B26340DF000C40464 /* PlaylistsEditPageView.swift */ = {isa = PBXFileReference; lastKnownFileType = sourcecode.swift; path = PlaylistsEditPageView.swift; sourceTree = "<group>"; };
		52E7AC6F26A06CDD00B61EAD /* MenuTextView.swift */ = {isa = PBXFileReference; lastKnownFileType = sourcecode.swift; path = MenuTextView.swift; sourceTree = "<group>"; };
		52E7AC7126A06DA500B61EAD /* MainTitleView.swift */ = {isa = PBXFileReference; lastKnownFileType = sourcecode.swift; path = MainTitleView.swift; sourceTree = "<group>"; };
		52E8EF762699ABC1005C8E62 /* MenuRowView.swift */ = {isa = PBXFileReference; lastKnownFileType = sourcecode.swift; path = MenuRowView.swift; sourceTree = "<group>"; };
		52E8EF782699B11F005C8E62 /* HeaderTitleView.swift */ = {isa = PBXFileReference; lastKnownFileType = sourcecode.swift; path = HeaderTitleView.swift; sourceTree = "<group>"; };
		52EE4D9223C542A700CFF2A3 /* ArtistDetailViewModel.swift */ = {isa = PBXFileReference; lastKnownFileType = sourcecode.swift; path = ArtistDetailViewModel.swift; sourceTree = "<group>"; };
		52EEEAF325E0CD2700C4DC2B /* FavoriteSongRegister.swift */ = {isa = PBXFileReference; fileEncoding = 4; lastKnownFileType = sourcecode.swift; path = FavoriteSongRegister.swift; sourceTree = "<group>"; };
		52EEEAF625E0CD9000C4DC2B /* FavoriteSongRealmModel.swift */ = {isa = PBXFileReference; fileEncoding = 4; lastKnownFileType = sourcecode.swift; path = FavoriteSongRealmModel.swift; sourceTree = "<group>"; };
		52F286FD23C7E5420056BFE3 /* AlbumsPageView.swift */ = {isa = PBXFileReference; lastKnownFileType = sourcecode.swift; path = AlbumsPageView.swift; sourceTree = "<group>"; };
		52F63FF323C7FA2500449934 /* AlbumsViewModel.swift */ = {isa = PBXFileReference; lastKnownFileType = sourcecode.swift; path = AlbumsViewModel.swift; sourceTree = "<group>"; };
		52F979C525EBBCA80085F306 /* EditButtonView.swift */ = {isa = PBXFileReference; lastKnownFileType = sourcecode.swift; path = EditButtonView.swift; sourceTree = "<group>"; };
		52F979CD25EBC3AC0085F306 /* FavoriteArtistButtonView.swift */ = {isa = PBXFileReference; lastKnownFileType = sourcecode.swift; path = FavoriteArtistButtonView.swift; sourceTree = "<group>"; };
		52F979D125EBC5730085F306 /* FavoriteSongButtonView.swift */ = {isa = PBXFileReference; lastKnownFileType = sourcecode.swift; path = FavoriteSongButtonView.swift; sourceTree = "<group>"; };
/* End PBXFileReference section */

/* Begin PBXFrameworksBuildPhase section */
		52C34D5B230ED7BE00EA76DA /* Frameworks */ = {
			isa = PBXFrameworksBuildPhase;
			buildActionMask = 2147483647;
			files = (
				523C4C5B259409DE00D7D32C /* RealmSwift in Frameworks */,
				523C4C59259409DE00D7D32C /* Realm in Frameworks */,
			);
			runOnlyForDeploymentPostprocessing = 0;
		};
/* End PBXFrameworksBuildPhase section */

/* Begin PBXGroup section */
		5208A24423CB379200AA4433 /* View */ = {
			isa = PBXGroup;
			children = (
				52BA93D523DA5A0000CA323F /* Button */,
				5279F0C223D51F510053BF55 /* Cell */,
				5242C10B2484681300347320 /* Header */,
				522366D223D7B6330001624E /* Image */,
				5279F0C523D5204A0053BF55 /* List */,
				5217BB6225B7A83F00BD64E9 /* Navbar */,
				524A51BE23B709DF00FB06DD /* Page */,
				52B5BC8323DD45DB000C7820 /* Player */,
				5219EA1F2615399E00E3A495 /* Playlist */,
				5279F0BF23D51BF80053BF55 /* Row */,
				522366D723D7C1CA0001624E /* Text */,
				5218100426A09436007F7185 /* Title */,
				5211ADD325CEBCC100604D45 /* Util */,
			);
			path = View;
			sourceTree = "<group>";
		};
		5211ADD325CEBCC100604D45 /* Util */ = {
			isa = PBXGroup;
			children = (
				525BD0D4261950F600459563 /* PopupView.swift */,
				5211ADD425CEBCEC00604D45 /* BlurView.swift */,
			);
			path = Util;
			sourceTree = "<group>";
		};
		5217BB6225B7A83F00BD64E9 /* Navbar */ = {
			isa = PBXGroup;
			children = (
				524BE501263BE1210033E198 /* EditNavBarView.swift */,
				52A5B4D823D4014A003BE152 /* HeroNavBarView.swift */,
				5242C10C2484684200347320 /* ListNavBarView.swift */,
			);
			path = Navbar;
			sourceTree = "<group>";
		};
		5218100426A09436007F7185 /* Title */ = {
			isa = PBXGroup;
			children = (
				52E8EF782699B11F005C8E62 /* HeaderTitleView.swift */,
				52E7AC7126A06DA500B61EAD /* MainTitleView.swift */,
				52AC16EC23CE8BE4001D427B /* SectionTitleView.swift */,
				5211ADCB25CE99E400604D45 /* TitleView.swift */,
			);
			path = Title;
			sourceTree = "<group>";
		};
		5219EA1F2615399E00E3A495 /* Playlist */ = {
			isa = PBXGroup;
			children = (
				5219EA20261539DB00E3A495 /* PlaylistRegisterView.swift */,
			);
			path = Playlist;
			sourceTree = "<group>";
		};
		52217A7025981EE600921CFD /* Register */ = {
			isa = PBXGroup;
			children = (
				52217A722598208F00921CFD /* FavoriteArtistRegister.swift */,
				52EEEAF325E0CD2700C4DC2B /* FavoriteSongRegister.swift */,
				527B87102612992A00CB5BEB /* PlaylistRegister.swift */,
				52DF46E326463860003A57F0 /* ShortcutRegister.swift */,
				52C3B24026AC6253006C841E /* Protocol */,
			);
			path = Register;
			sourceTree = "<group>";
		};
		522366D223D7B6330001624E /* Image */ = {
			isa = PBXGroup;
			children = (
				522366D523D7BADF0001624E /* CircleImageView.swift */,
				520B1DC726A9A7DB008770C5 /* HeroCircleImageView.swift */,
				520B1DC526A9A738008770C5 /* HeroSquareImageView.swift */,
				5296E88B2489B27E0041D3A5 /* MenuImageView.swift */,
				522366D323D7B6500001624E /* SquareImageView.swift */,
			);
			path = Image;
			sourceTree = "<group>";
		};
		522366D723D7C1CA0001624E /* Text */ = {
			isa = PBXGroup;
			children = (
				52E7AC6F26A06CDD00B61EAD /* MenuTextView.swift */,
				52D98E7923CC6B530032971A /* PrimaryTextView.swift */,
				52D98E7B23CC6C280032971A /* SecondaryTextView.swift */,
			);
			path = Text;
			sourceTree = "<group>";
		};
		522FE0B12672D001006158D7 /* Constant */ = {
			isa = PBXGroup;
			children = (
				522FE0B22672D05E006158D7 /* LabelConstant.swift */,
				521CDDE2268FF1B100997F5E /* StyleConstant.swift */,
			);
			path = Constant;
			sourceTree = "<group>";
		};
		523C4C5D2594114100D7D32C /* Realm */ = {
			isa = PBXGroup;
			children = (
				52217A772598256400921CFD /* FavoriteArtistRealmModel.swift */,
				52EEEAF625E0CD9000C4DC2B /* FavoriteSongRealmModel.swift */,
				527B871326129A2700CB5BEB /* PlaylistRealmModel.swift */,
				5219EA1B26152F3700E3A495 /* PlaylistSongRealmModel.swift */,
				52DF46E12646358D003A57F0 /* ShortcutRealmModel.swift */,
			);
			path = Realm;
			sourceTree = "<group>";
		};
		5242C10B2484681300347320 /* Header */ = {
			isa = PBXGroup;
			children = (
				52739F7423D914B50010E578 /* HeroHeaderView.swift */,
				522DF95025BE33FF00A95E66 /* ListEmptyHeaderView.swift */,
			);
			path = Header;
			sourceTree = "<group>";
		};
		524A51BE23B709DF00FB06DD /* Page */ = {
			isa = PBXGroup;
			children = (
				52C69DE723CABF48006A0A83 /* AlbumDetailPageView.swift */,
				52F286FD23C7E5420056BFE3 /* AlbumsPageView.swift */,
				52D4B5C723C3EF55000364F4 /* ArtistDetailPageView.swift */,
				52B6681F23C19ADE00E70C47 /* ArtistsPageView.swift */,
				526648F525AB23690034D912 /* FavoriteArtistsEditPageView.swift */,
				52A75C3B25A04C0E0073C01B /* FavoriteArtistsPageView.swift */,
				52481CDD25EB2EEB004DFAEB /* FavoriteSongsEditPageView.swift */,
				524A76E225E4EDBF0020443E /* FavoriteSongsPageView.swift */,
				5208604E266F9F73000155C2 /* MainEditPageView.swift */,
				52CCDAD423C050E9000C474A /* MainPageView.swift */,
				52C5FA4D2641711C00B6269C /* PlaylistDetailEditPageView.swift */,
				527B87092612974100CB5BEB /* PlaylistDetailPageView.swift */,
				52E21A6B26340DF000C40464 /* PlaylistsEditPageView.swift */,
				52AC94292621376300D41477 /* PlaylistsPageView.swift */,
				52D98E7123CC5D9D0032971A /* SongsPageView.swift */,
			);
			path = Page;
			sourceTree = "<group>";
		};
		527177A72663DBF200390A32 /* Service */ = {
			isa = PBXGroup;
			children = (
				5229C63E2665B92600C32F5C /* AlbumDetailService.swift */,
				523DAC5C266E49600036843A /* AlbumsService.swift */,
				527177AC2663E21900390A32 /* ArtistDetailService.swift */,
				523DAC5E266E4A210036843A /* ArtistsService.swift */,
				523DAC60266E4B470036843A /* FavoriteArtistsService.swift */,
				523DAC62266E4BE10036843A /* FavoriteSongsService.swift */,
				523E77E6266685B10006B7F5 /* MainService.swift */,
				527177A82663DC6600390A32 /* PlaylistDetailService.swift */,
				523DAC64266E4C980036843A /* PlaylistsService.swift */,
				52B03A632683FEB100ECA36A /* ShortcutService.swift */,
				523DAC66266E4D500036843A /* SongsService.swift */,
			);
			path = Service;
			sourceTree = "<group>";
		};
		52795DA5248DA70400DABD9D /* Config */ = {
			isa = PBXGroup;
			children = (
				522FE0AF2672C82B006158D7 /* MainMenuConfig.swift */,
				52E0459D2674DD2100ACD0AB /* MainSectionConfig.swift */,
				52795DA6248DA73600DABD9D /* PlayerConfig.swift */,
			);
			path = Config;
			sourceTree = "<group>";
		};
		5279F0BF23D51BF80053BF55 /* Row */ = {
			isa = PBXGroup;
			children = (
				52C5FA40264126F700B6269C /* MediaRowView.swift */,
				52E0459B2674C0F900ACD0AB /* MenuEditRowView.swift */,
				52E8EF762699ABC1005C8E62 /* MenuRowView.swift */,
				5269C8B02699803A00A3E7DE /* PlainRowView.swift */,
				527FCE08262431A50073E4F8 /* PlaylistAddRowView.swift */,
				52481CE025EB4273004DFAEB /* PlayRowView.swift */,
				52DA79B426ABCCB300CCD2F2 /* ShortcutRowView.swift */,
			);
			path = Row;
			sourceTree = "<group>";
		};
		5279F0C223D51F510053BF55 /* Cell */ = {
			isa = PBXGroup;
			children = (
				5208A24623CB383000AA4433 /* AlbumCellView.swift */,
				527177A12663C99400390A32 /* ShortcutCellView.swift */,
			);
			path = Cell;
			sourceTree = "<group>";
		};
		5279F0C523D5204A0053BF55 /* List */ = {
			isa = PBXGroup;
			children = (
				527177A52663D5D400390A32 /* AlbumListView.swift */,
				527177A32663CA4A00390A32 /* ShortcutListView.swift */,
			);
			path = List;
			sourceTree = "<group>";
		};
		528C3D1423C6A1AA005CCA8E /* ViewModel */ = {
			isa = PBXGroup;
			children = (
				52D98E7D23CC6F600032971A /* AlbumDetailViewModel.swift */,
				52F63FF323C7FA2500449934 /* AlbumsViewModel.swift */,
				52EE4D9223C542A700CFF2A3 /* ArtistDetailViewModel.swift */,
				52B6682423C19D8E00E70C47 /* ArtistsViewModel.swift */,
				52A75C3F25A04CCD0073C01B /* FavoriteArtistsViewModel.swift */,
				524A76E725E4EF400020443E /* FavoriteSongsViewModel.swift */,
				528AF178267DC39900B7C620 /* MainEditViewModel.swift */,
				52735EFB264441F600056222 /* MainViewModel.swift */,
				5210DE0B26232EC1005829BA /* PlaylistDetailViewModel.swift */,
				52472C2B261FC43F00607809 /* PlaylistsViewModel.swift */,
				52D98E7323CC5E780032971A /* SongsViewModel.swift */,
				52B03A5C2680DCB200ECA36A /* Protocol */,
			);
			path = ViewModel;
			sourceTree = "<group>";
		};
		528CA16023CAB8F9003E162F /* Media */ = {
			isa = PBXGroup;
			children = (
				5229C6402665B9A500C32F5C /* AlbumDetailModel.swift */,
				526A3B362366AC6F0070BE0A /* AlbumModel.swift */,
				527177AE2663E2F800390A32 /* ArtistDetailModel.swift */,
				5237636023C360C2003ABD2A /* ArtistModel.swift */,
				527381FF26457DF5005DCE75 /* MenuModel.swift */,
				527177AA2663DD6500390A32 /* PlaylistDetailModel.swift */,
				5264BDD4267822F1009C7400 /* PlaylistModel.swift */,
				52B03A5D2681503900ECA36A /* ShortcutModel.swift */,
				52C5FA48264129D900B6269C /* SongModel.swift */,
				52AAAA3A267F694E000880E0 /* Protocol */,
				52AAAA3B267F6E85000880E0 /* ValueObject */,
			);
			path = Media;
			sourceTree = "<group>";
		};
		52AAAA3A267F694E000880E0 /* Protocol */ = {
			isa = PBXGroup;
			children = (
				523E77E42665E95F0006B7F5 /* DetailProtocol.swift */,
				52C5FA42264127AC00B6269C /* MediaProtocol.swift */,
			);
			path = Protocol;
			sourceTree = "<group>";
		};
		52AAAA3B267F6E85000880E0 /* ValueObject */ = {
			isa = PBXGroup;
			children = (
				52AAAA3F267F799B000880E0 /* AlbumId.swift */,
				52AAAA3D267F6F4B000880E0 /* ArtistId.swift */,
				52B03A6526854A5400ECA36A /* ItemId.swift */,
				52AAAA38267F536B000880E0 /* PlaylistId.swift */,
				52B03A5F2683EF0D00ECA36A /* ShortcutId.swift */,
				5260D767267F92CA00B4155D /* SongId.swift */,
			);
			path = ValueObject;
			sourceTree = "<group>";
		};
		52B03A5B2680DC6400ECA36A /* Protocol */ = {
			isa = PBXGroup;
			children = (
				52DF46ED2647AE9A003A57F0 /* ShortcutItemIdProtocol.swift */,
			);
			path = Protocol;
			sourceTree = "<group>";
		};
		52B03A5C2680DCB200ECA36A /* Protocol */ = {
			isa = PBXGroup;
			children = (
				52AC944026218E0F00D41477 /* ViewModelProtocol.swift */,
			);
			path = Protocol;
			sourceTree = "<group>";
		};
		52B5BC8323DD45DB000C7820 /* Player */ = {
			isa = PBXGroup;
			children = (
				52B5BC8423DD45FA000C7820 /* MiniPlayerView.swift */,
				52A46DCE23E54B0F00BAC9AA /* PlayerView.swift */,
			);
			path = Player;
			sourceTree = "<group>";
		};
		52BA93D523DA5A0000CA323F /* Button */ = {
			isa = PBXGroup;
			children = (
				52BA93D623DA5A2100CA323F /* BackButtonView.swift */,
				52F979C525EBBCA80085F306 /* EditButtonView.swift */,
				52F979CD25EBC3AC0085F306 /* FavoriteArtistButtonView.swift */,
				52F979D125EBC5730085F306 /* FavoriteSongButtonView.swift */,
				527B33E926710F72002DD924 /* MainMenuButtonView.swift */,
				52BA93D823DA648F00CA323F /* MenuButtonView.swift */,
				5248301F26A4668F00A9CF54 /* PlaylistDeleteButtonView.swift */,
				52DF46E726464A67003A57F0 /* ShortcutButtonView.swift */,
			);
			path = Button;
			sourceTree = "<group>";
		};
		52C34D55230ED7BE00EA76DA = {
			isa = PBXGroup;
			children = (
				526B8CDF269B30AC00A39770 /* .swiftlint.yml */,
				528AF182267E251100B7C620 /* Localizable.strings */,
				52C34D5F230ED7BE00EA76DA /* Products */,
				52C34D60230ED7BE00EA76DA /* ThinMP */,
			);
			sourceTree = "<group>";
		};
		52C34D5F230ED7BE00EA76DA /* Products */ = {
			isa = PBXGroup;
			children = (
				52C34D5E230ED7BE00EA76DA /* ThinMP.app */,
			);
			name = Products;
			sourceTree = "<group>";
		};
		52C34D60230ED7BE00EA76DA /* ThinMP */ = {
			isa = PBXGroup;
			children = (
				52C34D6D230ED7C000EA76DA /* Info.plist */,
				521C431F2592B7D6009194FF /* ThinMP.swift */,
				52C34D68230ED7C000EA76DA /* Assets.xcassets */,
				52795DA5248DA70400DABD9D /* Config */,
				522FE0B12672D001006158D7 /* Constant */,
				52C5FA3F264122A700B6269C /* Model */,
				52CC2D0923E24E5C009FB57F /* Player */,
				52217A7025981EE600921CFD /* Register */,
				52CEABEB2642E46F000A3958 /* Repository */,
				527177A72663DBF200390A32 /* Service */,
				5208A24423CB379200AA4433 /* View */,
				528C3D1423C6A1AA005CCA8E /* ViewModel */,
			);
			path = ThinMP;
			sourceTree = "<group>";
		};
		52C3B24026AC6253006C841E /* Protocol */ = {
			isa = PBXGroup;
			children = (
				52C3B24126AC6345006C841E /* FavoriteArtistRegisterProtocol.swift */,
				52C3B24326AC6755006C841E /* FavoriteSongRegisterProtocol.swift */,
				52C3B24526AC67B8006C841E /* PlaylistRegisterProtocol.swift */,
				52C3B24726AC6822006C841E /* ShortcutRegisterProtocol.swift */,
			);
			path = Protocol;
			sourceTree = "<group>";
		};
		52C5FA3F264122A700B6269C /* Model */ = {
			isa = PBXGroup;
			children = (
				528CA16023CAB8F9003E162F /* Media */,
				523C4C5D2594114100D7D32C /* Realm */,
			);
			path = Model;
			sourceTree = "<group>";
		};
		52CC2D0923E24E5C009FB57F /* Player */ = {
			isa = PBXGroup;
			children = (
				52A170C023E3AAA400C1ACD2 /* MusicPlayer.swift */,
			);
			path = Player;
			sourceTree = "<group>";
		};
		52CEABEB2642E46F000A3958 /* Repository */ = {
			isa = PBXGroup;
			children = (
				52CEABEC2642E488000A3958 /* Media */,
				52CEABF32642EAA1000A3958 /* Realm */,
			);
			path = Repository;
			sourceTree = "<group>";
		};
		52CEABEC2642E488000A3958 /* Media */ = {
			isa = PBXGroup;
			children = (
				52CEABEF2642E5C9000A3958 /* AlbumRepository.swift */,
				52CEABF12642E6DE000A3958 /* ArtistRepository.swift */,
				52CEABED2642E4C4000A3958 /* SongRepository.swift */,
			);
			path = Media;
			sourceTree = "<group>";
		};
		52CEABF32642EAA1000A3958 /* Realm */ = {
			isa = PBXGroup;
			children = (
				52CEABF42642EABD000A3958 /* FavoriteArtistRepository.swift */,
				52CEABF62642EDF7000A3958 /* FavoriteSongRepository.swift */,
				52CEABFA2642F060000A3958 /* PlaylistRepository.swift */,
				52DF46E5264639B3003A57F0 /* ShortcutRepository.swift */,
				52B03A5B2680DC6400ECA36A /* Protocol */,
			);
			path = Realm;
			sourceTree = "<group>";
		};
/* End PBXGroup section */

/* Begin PBXNativeTarget section */
		52C34D5D230ED7BE00EA76DA /* ThinMP */ = {
			isa = PBXNativeTarget;
			buildConfigurationList = 52C34D70230ED7C000EA76DA /* Build configuration list for PBXNativeTarget "ThinMP" */;
			buildPhases = (
				52C34D5A230ED7BE00EA76DA /* Sources */,
				52C34D5B230ED7BE00EA76DA /* Frameworks */,
				52C34D5C230ED7BE00EA76DA /* Resources */,
				526B8CDE269B300100A39770 /* ShellScript */,
			);
			buildRules = (
			);
			dependencies = (
			);
			name = ThinMP;
			packageProductDependencies = (
				523C4C58259409DE00D7D32C /* Realm */,
				523C4C5A259409DE00D7D32C /* RealmSwift */,
			);
			productName = ThinMP;
			productReference = 52C34D5E230ED7BE00EA76DA /* ThinMP.app */;
			productType = "com.apple.product-type.application";
		};
/* End PBXNativeTarget section */

/* Begin PBXProject section */
		52C34D56230ED7BE00EA76DA /* Project object */ = {
			isa = PBXProject;
			attributes = {
				KnownAssetTags = (
					1,
					2,
					3,
				);
				LastSwiftUpdateCheck = 1010;
				LastUpgradeCheck = 1200;
				TargetAttributes = {
					52C34D5D230ED7BE00EA76DA = {
						CreatedOnToolsVersion = 10.1;
						LastSwiftMigration = 1130;
					};
				};
			};
			buildConfigurationList = 52C34D59230ED7BE00EA76DA /* Build configuration list for PBXProject "ThinMP" */;
			compatibilityVersion = "Xcode 9.3";
			developmentRegion = en;
			hasScannedForEncodings = 0;
			knownRegions = (
				en,
				Base,
				ja,
			);
			mainGroup = 52C34D55230ED7BE00EA76DA;
			packageReferences = (
				523C4C57259409DE00D7D32C /* XCRemoteSwiftPackageReference "realm-cocoa" */,
			);
			productRefGroup = 52C34D5F230ED7BE00EA76DA /* Products */;
			projectDirPath = "";
			projectRoot = "";
			targets = (
				52C34D5D230ED7BE00EA76DA /* ThinMP */,
			);
		};
/* End PBXProject section */

/* Begin PBXResourcesBuildPhase section */
		52C34D5C230ED7BE00EA76DA /* Resources */ = {
			isa = PBXResourcesBuildPhase;
			buildActionMask = 2147483647;
			files = (
				526B8CE0269B30AC00A39770 /* .swiftlint.yml in Resources */,
				52C34D69230ED7C000EA76DA /* Assets.xcassets in Resources */,
				528AF180267E251100B7C620 /* Localizable.strings in Resources */,
			);
			runOnlyForDeploymentPostprocessing = 0;
		};
/* End PBXResourcesBuildPhase section */

/* Begin PBXShellScriptBuildPhase section */
		526B8CDE269B300100A39770 /* ShellScript */ = {
			isa = PBXShellScriptBuildPhase;
			buildActionMask = 2147483647;
			files = (
			);
			inputFileListPaths = (
			);
			inputPaths = (
			);
			outputFileListPaths = (
			);
			outputPaths = (
			);
			runOnlyForDeploymentPostprocessing = 0;
			shellPath = /bin/sh;
			shellScript = "if which swiftlint >/dev/null; then\n  swiftlint\nelse\n  echo \"warning: SwiftLint not installed, download from https://github.com/realm/SwiftLint\"\nfi\n";
		};
/* End PBXShellScriptBuildPhase section */

/* Begin PBXSourcesBuildPhase section */
		52C34D5A230ED7BE00EA76DA /* Sources */ = {
			isa = PBXSourcesBuildPhase;
			buildActionMask = 2147483647;
			files = (
				52F286FE23C7E5420056BFE3 /* AlbumsPageView.swift in Sources */,
				52CEABFB2642F060000A3958 /* PlaylistRepository.swift in Sources */,
				52DF46E426463860003A57F0 /* ShortcutRegister.swift in Sources */,
				52F63FF423C7FA2500449934 /* AlbumsViewModel.swift in Sources */,
				52B6682023C19ADE00E70C47 /* ArtistsPageView.swift in Sources */,
				52CEABF72642EDF7000A3958 /* FavoriteSongRepository.swift in Sources */,
				52E7AC7226A06DA500B61EAD /* MainTitleView.swift in Sources */,
				52AAAA39267F536B000880E0 /* PlaylistId.swift in Sources */,
				523E77E52665E95F0006B7F5 /* DetailProtocol.swift in Sources */,
				52A5B4D923D4014A003BE152 /* HeroNavBarView.swift in Sources */,
				52E8EF792699B11F005C8E62 /* HeaderTitleView.swift in Sources */,
				52DF46E826464A67003A57F0 /* ShortcutButtonView.swift in Sources */,
				5210DE0C26232EC1005829BA /* PlaylistDetailViewModel.swift in Sources */,
				52EEEAF725E0CD9000C4DC2B /* FavoriteSongRealmModel.swift in Sources */,
				527177AB2663DD6500390A32 /* PlaylistDetailModel.swift in Sources */,
				52C5FA4E2641711C00B6269C /* PlaylistDetailEditPageView.swift in Sources */,
				526A3B372366AC6F0070BE0A /* AlbumModel.swift in Sources */,
				52217A782598256400921CFD /* FavoriteArtistRealmModel.swift in Sources */,
				520B1DC826A9A7DB008770C5 /* HeroCircleImageView.swift in Sources */,
				5219EA21261539DB00E3A495 /* PlaylistRegisterView.swift in Sources */,
				5269C8B12699803A00A3E7DE /* PlainRowView.swift in Sources */,
				523DAC67266E4D500036843A /* SongsService.swift in Sources */,
				52D98E7423CC5E780032971A /* SongsViewModel.swift in Sources */,
				52C5FA43264127AC00B6269C /* MediaProtocol.swift in Sources */,
				523E77E7266685B10006B7F5 /* MainService.swift in Sources */,
				52BA93D923DA648F00CA323F /* MenuButtonView.swift in Sources */,
				5208A24723CB383000AA4433 /* AlbumCellView.swift in Sources */,
				52C5FA41264126F700B6269C /* MediaRowView.swift in Sources */,
				5248302026A4668F00A9CF54 /* PlaylistDeleteButtonView.swift in Sources */,
				52E7AC7026A06CDD00B61EAD /* MenuTextView.swift in Sources */,
				52B03A602683EF0D00ECA36A /* ShortcutId.swift in Sources */,
				52DF46E22646358D003A57F0 /* ShortcutRealmModel.swift in Sources */,
				52C5FA49264129D900B6269C /* SongModel.swift in Sources */,
				52D98E7223CC5D9D0032971A /* SongsPageView.swift in Sources */,
				5211ADD525CEBCEC00604D45 /* BlurView.swift in Sources */,
				52AAAA40267F799B000880E0 /* AlbumId.swift in Sources */,
				527FCE09262431A50073E4F8 /* PlaylistAddRowView.swift in Sources */,
				52735EFC264441F600056222 /* MainViewModel.swift in Sources */,
				52C3B24626AC67B8006C841E /* PlaylistRegisterProtocol.swift in Sources */,
				5229C63F2665B92600C32F5C /* AlbumDetailService.swift in Sources */,
				527177A92663DC6600390A32 /* PlaylistDetailService.swift in Sources */,
				52481CE125EB4273004DFAEB /* PlayRowView.swift in Sources */,
				527177A62663D5D400390A32 /* AlbumListView.swift in Sources */,
				52C69DE823CABF48006A0A83 /* AlbumDetailPageView.swift in Sources */,
				52C3B24826AC6822006C841E /* ShortcutRegisterProtocol.swift in Sources */,
				52EE4D9323C542A700CFF2A3 /* ArtistDetailViewModel.swift in Sources */,
				527B87112612992A00CB5BEB /* PlaylistRegister.swift in Sources */,
				52CEABEE2642E4C4000A3958 /* SongRepository.swift in Sources */,
				52795DA7248DA73600DABD9D /* PlayerConfig.swift in Sources */,
				52D98E7E23CC6F600032971A /* AlbumDetailViewModel.swift in Sources */,
				5219EA1C26152F3700E3A495 /* PlaylistSongRealmModel.swift in Sources */,
				52DF46E6264639B3003A57F0 /* ShortcutRepository.swift in Sources */,
				52CEABF22642E6DE000A3958 /* ArtistRepository.swift in Sources */,
				52DF46EE2647AE9A003A57F0 /* ShortcutItemIdProtocol.swift in Sources */,
				521CDDE3268FF1B100997F5E /* StyleConstant.swift in Sources */,
				52AC942A2621376300D41477 /* PlaylistsPageView.swift in Sources */,
				52217A732598208F00921CFD /* FavoriteArtistRegister.swift in Sources */,
				52DA79B526ABCCB300CCD2F2 /* ShortcutRowView.swift in Sources */,
				524A76E325E4EDBF0020443E /* FavoriteSongsPageView.swift in Sources */,
				52BA93D723DA5A2100CA323F /* BackButtonView.swift in Sources */,
				527B871426129A2700CB5BEB /* PlaylistRealmModel.swift in Sources */,
				52481CDE25EB2EEB004DFAEB /* FavoriteSongsEditPageView.swift in Sources */,
				523DAC61266E4B470036843A /* FavoriteArtistsService.swift in Sources */,
				52A75C4025A04CCD0073C01B /* FavoriteArtistsViewModel.swift in Sources */,
				52D4B5C823C3EF55000364F4 /* ArtistDetailPageView.swift in Sources */,
				523DAC5D266E49600036843A /* AlbumsService.swift in Sources */,
				520B1DC626A9A738008770C5 /* HeroSquareImageView.swift in Sources */,
				52B5BC8523DD45FA000C7820 /* MiniPlayerView.swift in Sources */,
				52EEEAF425E0CD2700C4DC2B /* FavoriteSongRegister.swift in Sources */,
				52F979C625EBBCA80085F306 /* EditButtonView.swift in Sources */,
				523DAC65266E4C980036843A /* PlaylistsService.swift in Sources */,
				5229C6412665B9A500C32F5C /* AlbumDetailModel.swift in Sources */,
				52F979D225EBC5730085F306 /* FavoriteSongButtonView.swift in Sources */,
				52CCDAD523C050E9000C474A /* MainPageView.swift in Sources */,
				527177A42663CA4A00390A32 /* ShortcutListView.swift in Sources */,
				5208604F266F9F73000155C2 /* MainEditPageView.swift in Sources */,
				52CEABF52642EABD000A3958 /* FavoriteArtistRepository.swift in Sources */,
				527177AD2663E21900390A32 /* ArtistDetailService.swift in Sources */,
				522366D623D7BADF0001624E /* CircleImageView.swift in Sources */,
				52A170C123E3AAA400C1ACD2 /* MusicPlayer.swift in Sources */,
				527177A22663C99400390A32 /* ShortcutCellView.swift in Sources */,
				52B03A5E2681503900ECA36A /* ShortcutModel.swift in Sources */,
				52F979CE25EBC3AC0085F306 /* FavoriteArtistButtonView.swift in Sources */,
				5260D768267F92CA00B4155D /* SongId.swift in Sources */,
				528AF179267DC39900B7C620 /* MainEditViewModel.swift in Sources */,
				52E8EF772699ABC1005C8E62 /* MenuRowView.swift in Sources */,
				524A76E825E4EF400020443E /* FavoriteSongsViewModel.swift in Sources */,
				527B33EA26710F72002DD924 /* MainMenuButtonView.swift in Sources */,
				5296E88C2489B27E0041D3A5 /* MenuImageView.swift in Sources */,
				52AC16ED23CE8BE4001D427B /* SectionTitleView.swift in Sources */,
				52B03A6626854A5500ECA36A /* ItemId.swift in Sources */,
				52C3B24226AC6345006C841E /* FavoriteArtistRegisterProtocol.swift in Sources */,
				5237636123C360C2003ABD2A /* ArtistModel.swift in Sources */,
				52C3B24426AC6755006C841E /* FavoriteSongRegisterProtocol.swift in Sources */,
				525BD0D5261950F700459563 /* PopupView.swift in Sources */,
				523DAC5F266E4A210036843A /* ArtistsService.swift in Sources */,
				52AC944126218E0F00D41477 /* ViewModelProtocol.swift in Sources */,
				52472C2C261FC43F00607809 /* PlaylistsViewModel.swift in Sources */,
				52B6682523C19D8E00E70C47 /* ArtistsViewModel.swift in Sources */,
				522DF95125BE33FF00A95E66 /* ListEmptyHeaderView.swift in Sources */,
				52CEABF02642E5C9000A3958 /* AlbumRepository.swift in Sources */,
				526648F625AB23690034D912 /* FavoriteArtistsEditPageView.swift in Sources */,
				52E0459E2674DD2100ACD0AB /* MainSectionConfig.swift in Sources */,
				52E21A6C26340DF000C40464 /* PlaylistsEditPageView.swift in Sources */,
				521C43202592B7D6009194FF /* ThinMP.swift in Sources */,
				52A75C3C25A04C0E0073C01B /* FavoriteArtistsPageView.swift in Sources */,
				52D98E7C23CC6C280032971A /* SecondaryTextView.swift in Sources */,
				5242C10D2484684200347320 /* ListNavBarView.swift in Sources */,
				52D98E7A23CC6B530032971A /* PrimaryTextView.swift in Sources */,
				5264BDD5267822F1009C7400 /* PlaylistModel.swift in Sources */,
				527177AF2663E2F800390A32 /* ArtistDetailModel.swift in Sources */,
				522366D423D7B6500001624E /* SquareImageView.swift in Sources */,
				523DAC63266E4BE10036843A /* FavoriteSongsService.swift in Sources */,
				527B870A2612974100CB5BEB /* PlaylistDetailPageView.swift in Sources */,
				522FE0B32672D05E006158D7 /* LabelConstant.swift in Sources */,
				524BE502263BE1210033E198 /* EditNavBarView.swift in Sources */,
				52739F7523D914B50010E578 /* HeroHeaderView.swift in Sources */,
				522FE0B02672C82B006158D7 /* MainMenuConfig.swift in Sources */,
				52B03A642683FEB100ECA36A /* ShortcutService.swift in Sources */,
				52E0459C2674C0F900ACD0AB /* MenuEditRowView.swift in Sources */,
				5273820026457DF5005DCE75 /* MenuModel.swift in Sources */,
				5211ADCC25CE99E400604D45 /* TitleView.swift in Sources */,
				52A46DCF23E54B0F00BAC9AA /* PlayerView.swift in Sources */,
				52AAAA3E267F6F4B000880E0 /* ArtistId.swift in Sources */,
			);
			runOnlyForDeploymentPostprocessing = 0;
		};
/* End PBXSourcesBuildPhase section */

/* Begin PBXVariantGroup section */
		528AF182267E251100B7C620 /* Localizable.strings */ = {
			isa = PBXVariantGroup;
			children = (
				528AF181267E251100B7C620 /* en */,
				528AF183267E252100B7C620 /* ja */,
			);
			name = Localizable.strings;
			sourceTree = "<group>";
		};
/* End PBXVariantGroup section */

/* Begin XCBuildConfiguration section */
		52C34D6E230ED7C000EA76DA /* Debug */ = {
			isa = XCBuildConfiguration;
			buildSettings = {
				ALWAYS_SEARCH_USER_PATHS = NO;
				CLANG_ANALYZER_NONNULL = YES;
				CLANG_ANALYZER_NUMBER_OBJECT_CONVERSION = YES_AGGRESSIVE;
				CLANG_CXX_LANGUAGE_STANDARD = "gnu++14";
				CLANG_CXX_LIBRARY = "libc++";
				CLANG_ENABLE_MODULES = YES;
				CLANG_ENABLE_OBJC_ARC = YES;
				CLANG_ENABLE_OBJC_WEAK = YES;
				CLANG_WARN_BLOCK_CAPTURE_AUTORELEASING = YES;
				CLANG_WARN_BOOL_CONVERSION = YES;
				CLANG_WARN_COMMA = YES;
				CLANG_WARN_CONSTANT_CONVERSION = YES;
				CLANG_WARN_DEPRECATED_OBJC_IMPLEMENTATIONS = YES;
				CLANG_WARN_DIRECT_OBJC_ISA_USAGE = YES_ERROR;
				CLANG_WARN_DOCUMENTATION_COMMENTS = YES;
				CLANG_WARN_EMPTY_BODY = YES;
				CLANG_WARN_ENUM_CONVERSION = YES;
				CLANG_WARN_INFINITE_RECURSION = YES;
				CLANG_WARN_INT_CONVERSION = YES;
				CLANG_WARN_NON_LITERAL_NULL_CONVERSION = YES;
				CLANG_WARN_OBJC_IMPLICIT_RETAIN_SELF = YES;
				CLANG_WARN_OBJC_LITERAL_CONVERSION = YES;
				CLANG_WARN_OBJC_ROOT_CLASS = YES_ERROR;
				CLANG_WARN_QUOTED_INCLUDE_IN_FRAMEWORK_HEADER = YES;
				CLANG_WARN_RANGE_LOOP_ANALYSIS = YES;
				CLANG_WARN_STRICT_PROTOTYPES = YES;
				CLANG_WARN_SUSPICIOUS_MOVE = YES;
				CLANG_WARN_UNGUARDED_AVAILABILITY = YES_AGGRESSIVE;
				CLANG_WARN_UNREACHABLE_CODE = YES;
				CLANG_WARN__DUPLICATE_METHOD_MATCH = YES;
				CODE_SIGN_IDENTITY = "iPhone Developer";
				COPY_PHASE_STRIP = NO;
				DEBUG_INFORMATION_FORMAT = dwarf;
				DERIVE_MACCATALYST_PRODUCT_BUNDLE_IDENTIFIER = NO;
				ENABLE_STRICT_OBJC_MSGSEND = YES;
				ENABLE_TESTABILITY = YES;
				GCC_C_LANGUAGE_STANDARD = gnu11;
				GCC_DYNAMIC_NO_PIC = NO;
				GCC_NO_COMMON_BLOCKS = YES;
				GCC_OPTIMIZATION_LEVEL = 0;
				GCC_PREPROCESSOR_DEFINITIONS = (
					"DEBUG=1",
					"$(inherited)",
				);
				GCC_WARN_64_TO_32_BIT_CONVERSION = YES;
				GCC_WARN_ABOUT_RETURN_TYPE = YES_ERROR;
				GCC_WARN_UNDECLARED_SELECTOR = YES;
				GCC_WARN_UNINITIALIZED_AUTOS = YES_AGGRESSIVE;
				GCC_WARN_UNUSED_FUNCTION = YES;
				GCC_WARN_UNUSED_VARIABLE = YES;
				IPHONEOS_DEPLOYMENT_TARGET = 14.5;
				MTL_ENABLE_DEBUG_INFO = INCLUDE_SOURCE;
				MTL_FAST_MATH = YES;
				ONLY_ACTIVE_ARCH = YES;
				PRODUCT_BUNDLE_IDENTIFIER = dev.tcode.ThinMP;
				SDKROOT = iphoneos;
				SWIFT_ACTIVE_COMPILATION_CONDITIONS = DEBUG;
				SWIFT_OPTIMIZATION_LEVEL = "-Onone";
			};
			name = Debug;
		};
		52C34D6F230ED7C000EA76DA /* Release */ = {
			isa = XCBuildConfiguration;
			buildSettings = {
				ALWAYS_SEARCH_USER_PATHS = NO;
				CLANG_ANALYZER_NONNULL = YES;
				CLANG_ANALYZER_NUMBER_OBJECT_CONVERSION = YES_AGGRESSIVE;
				CLANG_CXX_LANGUAGE_STANDARD = "gnu++14";
				CLANG_CXX_LIBRARY = "libc++";
				CLANG_ENABLE_MODULES = YES;
				CLANG_ENABLE_OBJC_ARC = YES;
				CLANG_ENABLE_OBJC_WEAK = YES;
				CLANG_WARN_BLOCK_CAPTURE_AUTORELEASING = YES;
				CLANG_WARN_BOOL_CONVERSION = YES;
				CLANG_WARN_COMMA = YES;
				CLANG_WARN_CONSTANT_CONVERSION = YES;
				CLANG_WARN_DEPRECATED_OBJC_IMPLEMENTATIONS = YES;
				CLANG_WARN_DIRECT_OBJC_ISA_USAGE = YES_ERROR;
				CLANG_WARN_DOCUMENTATION_COMMENTS = YES;
				CLANG_WARN_EMPTY_BODY = YES;
				CLANG_WARN_ENUM_CONVERSION = YES;
				CLANG_WARN_INFINITE_RECURSION = YES;
				CLANG_WARN_INT_CONVERSION = YES;
				CLANG_WARN_NON_LITERAL_NULL_CONVERSION = YES;
				CLANG_WARN_OBJC_IMPLICIT_RETAIN_SELF = YES;
				CLANG_WARN_OBJC_LITERAL_CONVERSION = YES;
				CLANG_WARN_OBJC_ROOT_CLASS = YES_ERROR;
				CLANG_WARN_QUOTED_INCLUDE_IN_FRAMEWORK_HEADER = YES;
				CLANG_WARN_RANGE_LOOP_ANALYSIS = YES;
				CLANG_WARN_STRICT_PROTOTYPES = YES;
				CLANG_WARN_SUSPICIOUS_MOVE = YES;
				CLANG_WARN_UNGUARDED_AVAILABILITY = YES_AGGRESSIVE;
				CLANG_WARN_UNREACHABLE_CODE = YES;
				CLANG_WARN__DUPLICATE_METHOD_MATCH = YES;
				CODE_SIGN_IDENTITY = "iPhone Developer";
				COPY_PHASE_STRIP = NO;
				DEBUG_INFORMATION_FORMAT = "dwarf-with-dsym";
				DERIVE_MACCATALYST_PRODUCT_BUNDLE_IDENTIFIER = NO;
				ENABLE_NS_ASSERTIONS = NO;
				ENABLE_STRICT_OBJC_MSGSEND = YES;
				GCC_C_LANGUAGE_STANDARD = gnu11;
				GCC_NO_COMMON_BLOCKS = YES;
				GCC_WARN_64_TO_32_BIT_CONVERSION = YES;
				GCC_WARN_ABOUT_RETURN_TYPE = YES_ERROR;
				GCC_WARN_UNDECLARED_SELECTOR = YES;
				GCC_WARN_UNINITIALIZED_AUTOS = YES_AGGRESSIVE;
				GCC_WARN_UNUSED_FUNCTION = YES;
				GCC_WARN_UNUSED_VARIABLE = YES;
				IPHONEOS_DEPLOYMENT_TARGET = 14.5;
				MTL_ENABLE_DEBUG_INFO = NO;
				MTL_FAST_MATH = YES;
				PRODUCT_BUNDLE_IDENTIFIER = dev.tcode.ThinMP;
				SDKROOT = iphoneos;
				SWIFT_COMPILATION_MODE = wholemodule;
				SWIFT_OPTIMIZATION_LEVEL = "-O";
				VALIDATE_PRODUCT = YES;
			};
			name = Release;
		};
		52C34D71230ED7C000EA76DA /* Debug */ = {
			isa = XCBuildConfiguration;
			buildSettings = {
				ASSETCATALOG_COMPILER_APPICON_NAME = AppIcon;
				CODE_SIGN_IDENTITY = "Apple Development";
				CODE_SIGN_STYLE = Automatic;
				DEVELOPMENT_TEAM = 8UJN9QJ6JQ;
				INFOPLIST_FILE = ThinMP/Info.plist;
				IPHONEOS_DEPLOYMENT_TARGET = 14.5;
				LD_RUNPATH_SEARCH_PATHS = (
					"$(inherited)",
					"@executable_path/Frameworks",
				);
				PRODUCT_BUNDLE_IDENTIFIER = dev.tcode.ThinMP;
				PRODUCT_NAME = "$(TARGET_NAME)";
				PROVISIONING_PROFILE_SPECIFIER = "";
				SWIFT_VERSION = 5.0;
				TARGETED_DEVICE_FAMILY = 1;
			};
			name = Debug;
		};
		52C34D72230ED7C000EA76DA /* Release */ = {
			isa = XCBuildConfiguration;
			buildSettings = {
				ASSETCATALOG_COMPILER_APPICON_NAME = AppIcon;
				CODE_SIGN_IDENTITY = "Apple Development";
				CODE_SIGN_STYLE = Automatic;
				DEVELOPMENT_TEAM = 8UJN9QJ6JQ;
				INFOPLIST_FILE = ThinMP/Info.plist;
				IPHONEOS_DEPLOYMENT_TARGET = 14.5;
				LD_RUNPATH_SEARCH_PATHS = (
					"$(inherited)",
					"@executable_path/Frameworks",
				);
				PRODUCT_BUNDLE_IDENTIFIER = dev.tcode.ThinMP;
				PRODUCT_NAME = "$(TARGET_NAME)";
				PROVISIONING_PROFILE_SPECIFIER = "";
				SWIFT_VERSION = 5.0;
				TARGETED_DEVICE_FAMILY = 1;
			};
			name = Release;
		};
/* End XCBuildConfiguration section */

/* Begin XCConfigurationList section */
		52C34D59230ED7BE00EA76DA /* Build configuration list for PBXProject "ThinMP" */ = {
			isa = XCConfigurationList;
			buildConfigurations = (
				52C34D6E230ED7C000EA76DA /* Debug */,
				52C34D6F230ED7C000EA76DA /* Release */,
			);
			defaultConfigurationIsVisible = 0;
			defaultConfigurationName = Release;
		};
		52C34D70230ED7C000EA76DA /* Build configuration list for PBXNativeTarget "ThinMP" */ = {
			isa = XCConfigurationList;
			buildConfigurations = (
				52C34D71230ED7C000EA76DA /* Debug */,
				52C34D72230ED7C000EA76DA /* Release */,
			);
			defaultConfigurationIsVisible = 0;
			defaultConfigurationName = Release;
		};
/* End XCConfigurationList section */

/* Begin XCRemoteSwiftPackageReference section */
		523C4C57259409DE00D7D32C /* XCRemoteSwiftPackageReference "realm-cocoa" */ = {
			isa = XCRemoteSwiftPackageReference;
			repositoryURL = "https://github.com/realm/realm-cocoa";
			requirement = {
				kind = upToNextMajorVersion;
				minimumVersion = 10.5.0;
			};
		};
/* End XCRemoteSwiftPackageReference section */

/* Begin XCSwiftPackageProductDependency section */
		523C4C58259409DE00D7D32C /* Realm */ = {
			isa = XCSwiftPackageProductDependency;
			package = 523C4C57259409DE00D7D32C /* XCRemoteSwiftPackageReference "realm-cocoa" */;
			productName = Realm;
		};
		523C4C5A259409DE00D7D32C /* RealmSwift */ = {
			isa = XCSwiftPackageProductDependency;
			package = 523C4C57259409DE00D7D32C /* XCRemoteSwiftPackageReference "realm-cocoa" */;
			productName = RealmSwift;
		};
/* End XCSwiftPackageProductDependency section */
	};
	rootObject = 52C34D56230ED7BE00EA76DA /* Project object */;
}
