// !$*UTF8*$!
{
	archiveVersion = 1;
	classes = {
	};
	objectVersion = 50;
	objects = {

/* Begin PBXBuildFile section */
		5208A24723CB383000AA4433 /* AlbumCellView.swift in Sources */ = {isa = PBXBuildFile; fileRef = 5208A24623CB383000AA4433 /* AlbumCellView.swift */; };
		520CA29423CD2E0C00C03F01 /* ArtistSongsView.swift in Sources */ = {isa = PBXBuildFile; fileRef = 520CA29323CD2E0C00C03F01 /* ArtistSongsView.swift */; };
		522366D423D7B6500001624E /* SquareImageView.swift in Sources */ = {isa = PBXBuildFile; fileRef = 522366D323D7B6500001624E /* SquareImageView.swift */; };
		522366D623D7BADF0001624E /* CircleImageView.swift in Sources */ = {isa = PBXBuildFile; fileRef = 522366D523D7BADF0001624E /* CircleImageView.swift */; };
		5237635F23C35BFE003ABD2A /* ArtistRowView.swift in Sources */ = {isa = PBXBuildFile; fileRef = 5237635E23C35BFE003ABD2A /* ArtistRowView.swift */; };
		5237636123C360C2003ABD2A /* Artist.swift in Sources */ = {isa = PBXBuildFile; fileRef = 5237636023C360C2003ABD2A /* Artist.swift */; };
		524F8F1C23CAD33C00168019 /* Array.swift in Sources */ = {isa = PBXBuildFile; fileRef = 524F8F1B23CAD33C00168019 /* Array.swift */; };
		526A3B372366AC6F0070BE0A /* Album.swift in Sources */ = {isa = PBXBuildFile; fileRef = 526A3B362366AC6F0070BE0A /* Album.swift */; };
		52739F7523D914B50010E578 /* ArtistDetailHeaderView.swift in Sources */ = {isa = PBXBuildFile; fileRef = 52739F7423D914B50010E578 /* ArtistDetailHeaderView.swift */; };
		5279F0C123D51C2C0053BF55 /* AlbumSongRowView.swift in Sources */ = {isa = PBXBuildFile; fileRef = 5279F0C023D51C2C0053BF55 /* AlbumSongRowView.swift */; };
		5279F0C423D51F7D0053BF55 /* ArtistAlbumCellView.swift in Sources */ = {isa = PBXBuildFile; fileRef = 5279F0C323D51F7D0053BF55 /* ArtistAlbumCellView.swift */; };
		5279F0C723D520630053BF55 /* ArtistAlbumListView.swift in Sources */ = {isa = PBXBuildFile; fileRef = 5279F0C623D520630053BF55 /* ArtistAlbumListView.swift */; };
		5279F0C923D523610053BF55 /* ArtistSongRowView.swift in Sources */ = {isa = PBXBuildFile; fileRef = 5279F0C823D523610053BF55 /* ArtistSongRowView.swift */; };
		52A170C123E3AAA400C1ACD2 /* MusicPlayer.swift in Sources */ = {isa = PBXBuildFile; fileRef = 52A170C023E3AAA400C1ACD2 /* MusicPlayer.swift */; };
		52A46DCF23E54B0F00BAC9AA /* PlayerView.swift in Sources */ = {isa = PBXBuildFile; fileRef = 52A46DCE23E54B0F00BAC9AA /* PlayerView.swift */; };
		52A5B4D923D4014A003BE152 /* CustomNavigationBarView.swift in Sources */ = {isa = PBXBuildFile; fileRef = 52A5B4D823D4014A003BE152 /* CustomNavigationBarView.swift */; };
		52A6D38F23D12A72004C4E59 /* AlbumDetailHeaderView.swift in Sources */ = {isa = PBXBuildFile; fileRef = 52A6D38E23D12A72004C4E59 /* AlbumDetailHeaderView.swift */; };
		52AC16ED23CE8BE4001D427B /* HeaderTextView.swift in Sources */ = {isa = PBXBuildFile; fileRef = 52AC16EC23CE8BE4001D427B /* HeaderTextView.swift */; };
		52B5BC8523DD45FA000C7820 /* MiniPlayerView.swift in Sources */ = {isa = PBXBuildFile; fileRef = 52B5BC8423DD45FA000C7820 /* MiniPlayerView.swift */; };
		52B6681E23C197E000E70C47 /* SceneDelegate.swift in Sources */ = {isa = PBXBuildFile; fileRef = 52B6681D23C197E000E70C47 /* SceneDelegate.swift */; };
		52B6682023C19ADE00E70C47 /* ArtistsPageView.swift in Sources */ = {isa = PBXBuildFile; fileRef = 52B6681F23C19ADE00E70C47 /* ArtistsPageView.swift */; };
		52B6682523C19D8E00E70C47 /* ArtistsViewModel.swift in Sources */ = {isa = PBXBuildFile; fileRef = 52B6682423C19D8E00E70C47 /* ArtistsViewModel.swift */; };
		52BA93D723DA5A2100CA323F /* BackButtonView.swift in Sources */ = {isa = PBXBuildFile; fileRef = 52BA93D623DA5A2100CA323F /* BackButtonView.swift */; };
		52BA93D923DA648F00CA323F /* MenuButtonView.swift in Sources */ = {isa = PBXBuildFile; fileRef = 52BA93D823DA648F00CA323F /* MenuButtonView.swift */; };
		52C2535123CB33630075D35F /* AlbumsView.swift in Sources */ = {isa = PBXBuildFile; fileRef = 52C2535023CB33630075D35F /* AlbumsView.swift */; };
		52C34D62230ED7BE00EA76DA /* AppDelegate.swift in Sources */ = {isa = PBXBuildFile; fileRef = 52C34D61230ED7BE00EA76DA /* AppDelegate.swift */; };
		52C34D69230ED7C000EA76DA /* Assets.xcassets in Resources */ = {isa = PBXBuildFile; fileRef = 52C34D68230ED7C000EA76DA /* Assets.xcassets */; };
		52C69DE823CABF48006A0A83 /* AlbumDetailPageView.swift in Sources */ = {isa = PBXBuildFile; fileRef = 52C69DE723CABF48006A0A83 /* AlbumDetailPageView.swift */; };
		52CC2D0B23E24F05009FB57F /* PlayingList.swift in Sources */ = {isa = PBXBuildFile; fileRef = 52CC2D0A23E24F05009FB57F /* PlayingList.swift */; };
		52CCDAD523C050E9000C474A /* MainPageView.swift in Sources */ = {isa = PBXBuildFile; fileRef = 52CCDAD423C050E9000C474A /* MainPageView.swift */; };
		52D4B5C823C3EF55000364F4 /* ArtistDetailPageView.swift in Sources */ = {isa = PBXBuildFile; fileRef = 52D4B5C723C3EF55000364F4 /* ArtistDetailPageView.swift */; };
		52D98E7223CC5D9D0032971A /* SongsPageView.swift in Sources */ = {isa = PBXBuildFile; fileRef = 52D98E7123CC5D9D0032971A /* SongsPageView.swift */; };
		52D98E7423CC5E780032971A /* SongsViewModel.swift in Sources */ = {isa = PBXBuildFile; fileRef = 52D98E7323CC5E780032971A /* SongsViewModel.swift */; };
		52D98E7623CC5ED10032971A /* Song.swift in Sources */ = {isa = PBXBuildFile; fileRef = 52D98E7523CC5ED10032971A /* Song.swift */; };
		52D98E7823CC61870032971A /* SongRowView.swift in Sources */ = {isa = PBXBuildFile; fileRef = 52D98E7723CC61870032971A /* SongRowView.swift */; };
		52D98E7A23CC6B530032971A /* PrimaryTextView.swift in Sources */ = {isa = PBXBuildFile; fileRef = 52D98E7923CC6B530032971A /* PrimaryTextView.swift */; };
		52D98E7C23CC6C280032971A /* SecondaryTextView.swift in Sources */ = {isa = PBXBuildFile; fileRef = 52D98E7B23CC6C280032971A /* SecondaryTextView.swift */; };
		52D98E7E23CC6F600032971A /* AlbumDetailViewModel.swift in Sources */ = {isa = PBXBuildFile; fileRef = 52D98E7D23CC6F600032971A /* AlbumDetailViewModel.swift */; };
		52EE4D9323C542A700CFF2A3 /* ArtistDetailViewModel.swift in Sources */ = {isa = PBXBuildFile; fileRef = 52EE4D9223C542A700CFF2A3 /* ArtistDetailViewModel.swift */; };
		52F286FE23C7E5420056BFE3 /* AlbumsPageView.swift in Sources */ = {isa = PBXBuildFile; fileRef = 52F286FD23C7E5420056BFE3 /* AlbumsPageView.swift */; };
		52F63FF423C7FA2500449934 /* AlbumsViewModel.swift in Sources */ = {isa = PBXBuildFile; fileRef = 52F63FF323C7FA2500449934 /* AlbumsViewModel.swift */; };
/* End PBXBuildFile section */

/* Begin PBXFileReference section */
		5208A24623CB383000AA4433 /* AlbumCellView.swift */ = {isa = PBXFileReference; lastKnownFileType = sourcecode.swift; path = AlbumCellView.swift; sourceTree = "<group>"; };
		520CA29323CD2E0C00C03F01 /* ArtistSongsView.swift */ = {isa = PBXFileReference; lastKnownFileType = sourcecode.swift; path = ArtistSongsView.swift; sourceTree = "<group>"; };
		522366D323D7B6500001624E /* SquareImageView.swift */ = {isa = PBXFileReference; lastKnownFileType = sourcecode.swift; path = SquareImageView.swift; sourceTree = "<group>"; };
		522366D523D7BADF0001624E /* CircleImageView.swift */ = {isa = PBXFileReference; lastKnownFileType = sourcecode.swift; path = CircleImageView.swift; sourceTree = "<group>"; };
		5237635E23C35BFE003ABD2A /* ArtistRowView.swift */ = {isa = PBXFileReference; lastKnownFileType = sourcecode.swift; path = ArtistRowView.swift; sourceTree = "<group>"; };
		5237636023C360C2003ABD2A /* Artist.swift */ = {isa = PBXFileReference; lastKnownFileType = sourcecode.swift; path = Artist.swift; sourceTree = "<group>"; };
		524F8F1B23CAD33C00168019 /* Array.swift */ = {isa = PBXFileReference; lastKnownFileType = sourcecode.swift; path = Array.swift; sourceTree = "<group>"; };
		526A3B362366AC6F0070BE0A /* Album.swift */ = {isa = PBXFileReference; lastKnownFileType = sourcecode.swift; path = Album.swift; sourceTree = "<group>"; };
		52739F7423D914B50010E578 /* ArtistDetailHeaderView.swift */ = {isa = PBXFileReference; lastKnownFileType = sourcecode.swift; path = ArtistDetailHeaderView.swift; sourceTree = "<group>"; };
		5279F0C023D51C2C0053BF55 /* AlbumSongRowView.swift */ = {isa = PBXFileReference; lastKnownFileType = sourcecode.swift; path = AlbumSongRowView.swift; sourceTree = "<group>"; };
		5279F0C323D51F7D0053BF55 /* ArtistAlbumCellView.swift */ = {isa = PBXFileReference; lastKnownFileType = sourcecode.swift; path = ArtistAlbumCellView.swift; sourceTree = "<group>"; };
		5279F0C623D520630053BF55 /* ArtistAlbumListView.swift */ = {isa = PBXFileReference; lastKnownFileType = sourcecode.swift; path = ArtistAlbumListView.swift; sourceTree = "<group>"; };
		5279F0C823D523610053BF55 /* ArtistSongRowView.swift */ = {isa = PBXFileReference; lastKnownFileType = sourcecode.swift; path = ArtistSongRowView.swift; sourceTree = "<group>"; };
		52A170C023E3AAA400C1ACD2 /* MusicPlayer.swift */ = {isa = PBXFileReference; lastKnownFileType = sourcecode.swift; path = MusicPlayer.swift; sourceTree = "<group>"; };
		52A46DCE23E54B0F00BAC9AA /* PlayerView.swift */ = {isa = PBXFileReference; lastKnownFileType = sourcecode.swift; path = PlayerView.swift; sourceTree = "<group>"; };
		52A5B4D823D4014A003BE152 /* CustomNavigationBarView.swift */ = {isa = PBXFileReference; lastKnownFileType = sourcecode.swift; path = CustomNavigationBarView.swift; sourceTree = "<group>"; };
		52A6D38E23D12A72004C4E59 /* AlbumDetailHeaderView.swift */ = {isa = PBXFileReference; lastKnownFileType = sourcecode.swift; path = AlbumDetailHeaderView.swift; sourceTree = "<group>"; };
		52AC16EC23CE8BE4001D427B /* HeaderTextView.swift */ = {isa = PBXFileReference; lastKnownFileType = sourcecode.swift; path = HeaderTextView.swift; sourceTree = "<group>"; };
		52B5BC8423DD45FA000C7820 /* MiniPlayerView.swift */ = {isa = PBXFileReference; lastKnownFileType = sourcecode.swift; path = MiniPlayerView.swift; sourceTree = "<group>"; };
		52B6681D23C197E000E70C47 /* SceneDelegate.swift */ = {isa = PBXFileReference; lastKnownFileType = sourcecode.swift; path = SceneDelegate.swift; sourceTree = "<group>"; };
		52B6681F23C19ADE00E70C47 /* ArtistsPageView.swift */ = {isa = PBXFileReference; lastKnownFileType = sourcecode.swift; path = ArtistsPageView.swift; sourceTree = "<group>"; };
		52B6682423C19D8E00E70C47 /* ArtistsViewModel.swift */ = {isa = PBXFileReference; lastKnownFileType = sourcecode.swift; path = ArtistsViewModel.swift; sourceTree = "<group>"; };
		52BA93D623DA5A2100CA323F /* BackButtonView.swift */ = {isa = PBXFileReference; lastKnownFileType = sourcecode.swift; path = BackButtonView.swift; sourceTree = "<group>"; };
		52BA93D823DA648F00CA323F /* MenuButtonView.swift */ = {isa = PBXFileReference; lastKnownFileType = sourcecode.swift; path = MenuButtonView.swift; sourceTree = "<group>"; };
		52C2535023CB33630075D35F /* AlbumsView.swift */ = {isa = PBXFileReference; lastKnownFileType = sourcecode.swift; path = AlbumsView.swift; sourceTree = "<group>"; };
		52C34D5E230ED7BE00EA76DA /* ThinMP.app */ = {isa = PBXFileReference; explicitFileType = wrapper.application; includeInIndex = 0; path = ThinMP.app; sourceTree = BUILT_PRODUCTS_DIR; };
		52C34D61230ED7BE00EA76DA /* AppDelegate.swift */ = {isa = PBXFileReference; lastKnownFileType = sourcecode.swift; path = AppDelegate.swift; sourceTree = "<group>"; };
		52C34D68230ED7C000EA76DA /* Assets.xcassets */ = {isa = PBXFileReference; lastKnownFileType = folder.assetcatalog; path = Assets.xcassets; sourceTree = "<group>"; };
		52C34D6D230ED7C000EA76DA /* Info.plist */ = {isa = PBXFileReference; lastKnownFileType = text.plist.xml; path = Info.plist; sourceTree = "<group>"; };
		52C69DE723CABF48006A0A83 /* AlbumDetailPageView.swift */ = {isa = PBXFileReference; lastKnownFileType = sourcecode.swift; path = AlbumDetailPageView.swift; sourceTree = "<group>"; };
		52CC2D0A23E24F05009FB57F /* PlayingList.swift */ = {isa = PBXFileReference; lastKnownFileType = sourcecode.swift; path = PlayingList.swift; sourceTree = "<group>"; };
		52CCDAD423C050E9000C474A /* MainPageView.swift */ = {isa = PBXFileReference; lastKnownFileType = sourcecode.swift; path = MainPageView.swift; sourceTree = "<group>"; };
		52D4B5C723C3EF55000364F4 /* ArtistDetailPageView.swift */ = {isa = PBXFileReference; lastKnownFileType = sourcecode.swift; path = ArtistDetailPageView.swift; sourceTree = "<group>"; };
		52D98E7123CC5D9D0032971A /* SongsPageView.swift */ = {isa = PBXFileReference; lastKnownFileType = sourcecode.swift; path = SongsPageView.swift; sourceTree = "<group>"; };
		52D98E7323CC5E780032971A /* SongsViewModel.swift */ = {isa = PBXFileReference; lastKnownFileType = sourcecode.swift; path = SongsViewModel.swift; sourceTree = "<group>"; };
		52D98E7523CC5ED10032971A /* Song.swift */ = {isa = PBXFileReference; lastKnownFileType = sourcecode.swift; path = Song.swift; sourceTree = "<group>"; };
		52D98E7723CC61870032971A /* SongRowView.swift */ = {isa = PBXFileReference; lastKnownFileType = sourcecode.swift; path = SongRowView.swift; sourceTree = "<group>"; };
		52D98E7923CC6B530032971A /* PrimaryTextView.swift */ = {isa = PBXFileReference; lastKnownFileType = sourcecode.swift; path = PrimaryTextView.swift; sourceTree = "<group>"; };
		52D98E7B23CC6C280032971A /* SecondaryTextView.swift */ = {isa = PBXFileReference; lastKnownFileType = sourcecode.swift; path = SecondaryTextView.swift; sourceTree = "<group>"; };
		52D98E7D23CC6F600032971A /* AlbumDetailViewModel.swift */ = {isa = PBXFileReference; lastKnownFileType = sourcecode.swift; path = AlbumDetailViewModel.swift; sourceTree = "<group>"; };
		52EE4D9223C542A700CFF2A3 /* ArtistDetailViewModel.swift */ = {isa = PBXFileReference; lastKnownFileType = sourcecode.swift; path = ArtistDetailViewModel.swift; sourceTree = "<group>"; };
		52F286FD23C7E5420056BFE3 /* AlbumsPageView.swift */ = {isa = PBXFileReference; lastKnownFileType = sourcecode.swift; path = AlbumsPageView.swift; sourceTree = "<group>"; };
		52F63FF323C7FA2500449934 /* AlbumsViewModel.swift */ = {isa = PBXFileReference; lastKnownFileType = sourcecode.swift; path = AlbumsViewModel.swift; sourceTree = "<group>"; };
/* End PBXFileReference section */

/* Begin PBXFrameworksBuildPhase section */
		52C34D5B230ED7BE00EA76DA /* Frameworks */ = {
			isa = PBXFrameworksBuildPhase;
			buildActionMask = 2147483647;
			files = (
			);
			runOnlyForDeploymentPostprocessing = 0;
		};
/* End PBXFrameworksBuildPhase section */

/* Begin PBXGroup section */
		5208A24423CB379200AA4433 /* View */ = {
			isa = PBXGroup;
			children = (
				52A6D38E23D12A72004C4E59 /* AlbumDetailHeaderView.swift */,
				52739F7423D914B50010E578 /* ArtistDetailHeaderView.swift */,
				52A5B4D823D4014A003BE152 /* CustomNavigationBarView.swift */,
				52BA93D523DA5A0000CA323F /* Button */,
				5279F0C223D51F510053BF55 /* Cell */,
				522366D223D7B6330001624E /* Image */,
				5279F0C523D5204A0053BF55 /* List */,
				524A51BE23B709DF00FB06DD /* Page */,
				52B5BC8323DD45DB000C7820 /* Player */,
				5279F0BF23D51BF80053BF55 /* Row */,
				522366D723D7C1CA0001624E /* Text */,
			);
			path = View;
			sourceTree = "<group>";
		};
		522366D223D7B6330001624E /* Image */ = {
			isa = PBXGroup;
			children = (
				522366D523D7BADF0001624E /* CircleImageView.swift */,
				522366D323D7B6500001624E /* SquareImageView.swift */,
			);
			path = Image;
			sourceTree = "<group>";
		};
		522366D723D7C1CA0001624E /* Text */ = {
			isa = PBXGroup;
			children = (
				52AC16EC23CE8BE4001D427B /* HeaderTextView.swift */,
				52D98E7923CC6B530032971A /* PrimaryTextView.swift */,
				52D98E7B23CC6C280032971A /* SecondaryTextView.swift */,
			);
			path = Text;
			sourceTree = "<group>";
		};
		524A51BE23B709DF00FB06DD /* Page */ = {
			isa = PBXGroup;
			children = (
				52C69DE723CABF48006A0A83 /* AlbumDetailPageView.swift */,
				52F286FD23C7E5420056BFE3 /* AlbumsPageView.swift */,
				52D4B5C723C3EF55000364F4 /* ArtistDetailPageView.swift */,
				52B6681F23C19ADE00E70C47 /* ArtistsPageView.swift */,
				52CCDAD423C050E9000C474A /* MainPageView.swift */,
				52D98E7123CC5D9D0032971A /* SongsPageView.swift */,
			);
			path = Page;
			sourceTree = "<group>";
		};
		524F8F1A23CAD32900168019 /* Extension */ = {
			isa = PBXGroup;
			children = (
				524F8F1B23CAD33C00168019 /* Array.swift */,
			);
			path = Extension;
			sourceTree = "<group>";
		};
		5279F0BF23D51BF80053BF55 /* Row */ = {
			isa = PBXGroup;
			children = (
				5279F0C023D51C2C0053BF55 /* AlbumSongRowView.swift */,
				5237635E23C35BFE003ABD2A /* ArtistRowView.swift */,
				5279F0C823D523610053BF55 /* ArtistSongRowView.swift */,
				52D98E7723CC61870032971A /* SongRowView.swift */,
			);
			path = Row;
			sourceTree = "<group>";
		};
		5279F0C223D51F510053BF55 /* Cell */ = {
			isa = PBXGroup;
			children = (
				5208A24623CB383000AA4433 /* AlbumCellView.swift */,
				5279F0C323D51F7D0053BF55 /* ArtistAlbumCellView.swift */,
			);
			path = Cell;
			sourceTree = "<group>";
		};
		5279F0C523D5204A0053BF55 /* List */ = {
			isa = PBXGroup;
			children = (
				52C2535023CB33630075D35F /* AlbumsView.swift */,
				5279F0C623D520630053BF55 /* ArtistAlbumListView.swift */,
				520CA29323CD2E0C00C03F01 /* ArtistSongsView.swift */,
			);
			path = List;
			sourceTree = "<group>";
		};
		528C3D1423C6A1AA005CCA8E /* ViewModel */ = {
			isa = PBXGroup;
			children = (
				52D98E7D23CC6F600032971A /* AlbumDetailViewModel.swift */,
				52F63FF323C7FA2500449934 /* AlbumsViewModel.swift */,
				52EE4D9223C542A700CFF2A3 /* ArtistDetailViewModel.swift */,
				52B6682423C19D8E00E70C47 /* ArtistsViewModel.swift */,
				52D98E7323CC5E780032971A /* SongsViewModel.swift */,
			);
			path = ViewModel;
			sourceTree = "<group>";
		};
		528CA16023CAB8F9003E162F /* Entity */ = {
			isa = PBXGroup;
			children = (
				526A3B362366AC6F0070BE0A /* Album.swift */,
				5237636023C360C2003ABD2A /* Artist.swift */,
				52D98E7523CC5ED10032971A /* Song.swift */,
			);
			path = Entity;
			sourceTree = "<group>";
		};
		52B5BC8323DD45DB000C7820 /* Player */ = {
			isa = PBXGroup;
			children = (
				52A46DCE23E54B0F00BAC9AA /* PlayerView.swift */,
				52B5BC8423DD45FA000C7820 /* MiniPlayerView.swift */,
			);
			path = Player;
			sourceTree = "<group>";
		};
		52BA93D523DA5A0000CA323F /* Button */ = {
			isa = PBXGroup;
			children = (
				52BA93D623DA5A2100CA323F /* BackButtonView.swift */,
				52BA93D823DA648F00CA323F /* MenuButtonView.swift */,
			);
			path = Button;
			sourceTree = "<group>";
		};
		52C34D55230ED7BE00EA76DA = {
			isa = PBXGroup;
			children = (
				52C34D60230ED7BE00EA76DA /* ThinMP */,
				52C34D5F230ED7BE00EA76DA /* Products */,
			);
			sourceTree = "<group>";
		};
		52C34D5F230ED7BE00EA76DA /* Products */ = {
			isa = PBXGroup;
			children = (
				52C34D5E230ED7BE00EA76DA /* ThinMP.app */,
			);
			name = Products;
			sourceTree = "<group>";
		};
		52C34D60230ED7BE00EA76DA /* ThinMP */ = {
			isa = PBXGroup;
			children = (
				52C34D6D230ED7C000EA76DA /* Info.plist */,
				52C34D61230ED7BE00EA76DA /* AppDelegate.swift */,
				52B6681D23C197E000E70C47 /* SceneDelegate.swift */,
				52C34D68230ED7C000EA76DA /* Assets.xcassets */,
				528CA16023CAB8F9003E162F /* Entity */,
				524F8F1A23CAD32900168019 /* Extension */,
				52CC2D0923E24E5C009FB57F /* Player */,
				5208A24423CB379200AA4433 /* View */,
				528C3D1423C6A1AA005CCA8E /* ViewModel */,
			);
			path = ThinMP;
			sourceTree = "<group>";
		};
		52CC2D0923E24E5C009FB57F /* Player */ = {
			isa = PBXGroup;
			children = (
				52CC2D0A23E24F05009FB57F /* PlayingList.swift */,
				52A170C023E3AAA400C1ACD2 /* MusicPlayer.swift */,
			);
			path = Player;
			sourceTree = "<group>";
		};
/* End PBXGroup section */

/* Begin PBXNativeTarget section */
		52C34D5D230ED7BE00EA76DA /* ThinMP */ = {
			isa = PBXNativeTarget;
			buildConfigurationList = 52C34D70230ED7C000EA76DA /* Build configuration list for PBXNativeTarget "ThinMP" */;
			buildPhases = (
				52C34D5A230ED7BE00EA76DA /* Sources */,
				52C34D5B230ED7BE00EA76DA /* Frameworks */,
				52C34D5C230ED7BE00EA76DA /* Resources */,
			);
			buildRules = (
			);
			dependencies = (
			);
			name = ThinMP;
			productName = ThinMP;
			productReference = 52C34D5E230ED7BE00EA76DA /* ThinMP.app */;
			productType = "com.apple.product-type.application";
		};
/* End PBXNativeTarget section */

/* Begin PBXProject section */
		52C34D56230ED7BE00EA76DA /* Project object */ = {
			isa = PBXProject;
			attributes = {
				KnownAssetTags = (
					1,
					2,
					3,
				);
				LastSwiftUpdateCheck = 1010;
				LastUpgradeCheck = 1010;
				TargetAttributes = {
					52C34D5D230ED7BE00EA76DA = {
						CreatedOnToolsVersion = 10.1;
						LastSwiftMigration = 1130;
					};
				};
			};
			buildConfigurationList = 52C34D59230ED7BE00EA76DA /* Build configuration list for PBXProject "ThinMP" */;
			compatibilityVersion = "Xcode 9.3";
			developmentRegion = en;
			hasScannedForEncodings = 0;
			knownRegions = (
				en,
				Base,
			);
			mainGroup = 52C34D55230ED7BE00EA76DA;
			productRefGroup = 52C34D5F230ED7BE00EA76DA /* Products */;
			projectDirPath = "";
			projectRoot = "";
			targets = (
				52C34D5D230ED7BE00EA76DA /* ThinMP */,
			);
		};
/* End PBXProject section */

/* Begin PBXResourcesBuildPhase section */
		52C34D5C230ED7BE00EA76DA /* Resources */ = {
			isa = PBXResourcesBuildPhase;
			buildActionMask = 2147483647;
			files = (
				52C34D69230ED7C000EA76DA /* Assets.xcassets in Resources */,
			);
			runOnlyForDeploymentPostprocessing = 0;
		};
/* End PBXResourcesBuildPhase section */

/* Begin PBXSourcesBuildPhase section */
		52C34D5A230ED7BE00EA76DA /* Sources */ = {
			isa = PBXSourcesBuildPhase;
			buildActionMask = 2147483647;
			files = (
				5237635F23C35BFE003ABD2A /* ArtistRowView.swift in Sources */,
				5279F0C923D523610053BF55 /* ArtistSongRowView.swift in Sources */,
				52F286FE23C7E5420056BFE3 /* AlbumsPageView.swift in Sources */,
				5279F0C123D51C2C0053BF55 /* AlbumSongRowView.swift in Sources */,
				52F63FF423C7FA2500449934 /* AlbumsViewModel.swift in Sources */,
				52B6682023C19ADE00E70C47 /* ArtistsPageView.swift in Sources */,
				52A5B4D923D4014A003BE152 /* CustomNavigationBarView.swift in Sources */,
				52D98E7623CC5ED10032971A /* Song.swift in Sources */,
				526A3B372366AC6F0070BE0A /* Album.swift in Sources */,
				52D98E7423CC5E780032971A /* SongsViewModel.swift in Sources */,
				52BA93D923DA648F00CA323F /* MenuButtonView.swift in Sources */,
				5208A24723CB383000AA4433 /* AlbumCellView.swift in Sources */,
				52B6681E23C197E000E70C47 /* SceneDelegate.swift in Sources */,
				52D98E7823CC61870032971A /* SongRowView.swift in Sources */,
				52D98E7223CC5D9D0032971A /* SongsPageView.swift in Sources */,
				52C69DE823CABF48006A0A83 /* AlbumDetailPageView.swift in Sources */,
				52EE4D9323C542A700CFF2A3 /* ArtistDetailViewModel.swift in Sources */,
				52A6D38F23D12A72004C4E59 /* AlbumDetailHeaderView.swift in Sources */,
				52D98E7E23CC6F600032971A /* AlbumDetailViewModel.swift in Sources */,
				52BA93D723DA5A2100CA323F /* BackButtonView.swift in Sources */,
				52D4B5C823C3EF55000364F4 /* ArtistDetailPageView.swift in Sources */,
				5279F0C723D520630053BF55 /* ArtistAlbumListView.swift in Sources */,
				52B5BC8523DD45FA000C7820 /* MiniPlayerView.swift in Sources */,
				52CCDAD523C050E9000C474A /* MainPageView.swift in Sources */,
				5279F0C423D51F7D0053BF55 /* ArtistAlbumCellView.swift in Sources */,
				522366D623D7BADF0001624E /* CircleImageView.swift in Sources */,
				52A170C123E3AAA400C1ACD2 /* MusicPlayer.swift in Sources */,
				52CC2D0B23E24F05009FB57F /* PlayingList.swift in Sources */,
				52AC16ED23CE8BE4001D427B /* HeaderTextView.swift in Sources */,
				5237636123C360C2003ABD2A /* Artist.swift in Sources */,
				52B6682523C19D8E00E70C47 /* ArtistsViewModel.swift in Sources */,
				520CA29423CD2E0C00C03F01 /* ArtistSongsView.swift in Sources */,
				524F8F1C23CAD33C00168019 /* Array.swift in Sources */,
				52D98E7C23CC6C280032971A /* SecondaryTextView.swift in Sources */,
				52D98E7A23CC6B530032971A /* PrimaryTextView.swift in Sources */,
				522366D423D7B6500001624E /* SquareImageView.swift in Sources */,
				52739F7523D914B50010E578 /* ArtistDetailHeaderView.swift in Sources */,
				52A46DCF23E54B0F00BAC9AA /* PlayerView.swift in Sources */,
				52C34D62230ED7BE00EA76DA /* AppDelegate.swift in Sources */,
				52C2535123CB33630075D35F /* AlbumsView.swift in Sources */,
			);
			runOnlyForDeploymentPostprocessing = 0;
		};
/* End PBXSourcesBuildPhase section */

/* Begin XCBuildConfiguration section */
		52C34D6E230ED7C000EA76DA /* Debug */ = {
			isa = XCBuildConfiguration;
			buildSettings = {
				ALWAYS_SEARCH_USER_PATHS = NO;
				CLANG_ANALYZER_NONNULL = YES;
				CLANG_ANALYZER_NUMBER_OBJECT_CONVERSION = YES_AGGRESSIVE;
				CLANG_CXX_LANGUAGE_STANDARD = "gnu++14";
				CLANG_CXX_LIBRARY = "libc++";
				CLANG_ENABLE_MODULES = YES;
				CLANG_ENABLE_OBJC_ARC = YES;
				CLANG_ENABLE_OBJC_WEAK = YES;
				CLANG_WARN_BLOCK_CAPTURE_AUTORELEASING = YES;
				CLANG_WARN_BOOL_CONVERSION = YES;
				CLANG_WARN_COMMA = YES;
				CLANG_WARN_CONSTANT_CONVERSION = YES;
				CLANG_WARN_DEPRECATED_OBJC_IMPLEMENTATIONS = YES;
				CLANG_WARN_DIRECT_OBJC_ISA_USAGE = YES_ERROR;
				CLANG_WARN_DOCUMENTATION_COMMENTS = YES;
				CLANG_WARN_EMPTY_BODY = YES;
				CLANG_WARN_ENUM_CONVERSION = YES;
				CLANG_WARN_INFINITE_RECURSION = YES;
				CLANG_WARN_INT_CONVERSION = YES;
				CLANG_WARN_NON_LITERAL_NULL_CONVERSION = YES;
				CLANG_WARN_OBJC_IMPLICIT_RETAIN_SELF = YES;
				CLANG_WARN_OBJC_LITERAL_CONVERSION = YES;
				CLANG_WARN_OBJC_ROOT_CLASS = YES_ERROR;
				CLANG_WARN_RANGE_LOOP_ANALYSIS = YES;
				CLANG_WARN_STRICT_PROTOTYPES = YES;
				CLANG_WARN_SUSPICIOUS_MOVE = YES;
				CLANG_WARN_UNGUARDED_AVAILABILITY = YES_AGGRESSIVE;
				CLANG_WARN_UNREACHABLE_CODE = YES;
				CLANG_WARN__DUPLICATE_METHOD_MATCH = YES;
				CODE_SIGN_IDENTITY = "iPhone Developer";
				COPY_PHASE_STRIP = NO;
				DEBUG_INFORMATION_FORMAT = dwarf;
				ENABLE_STRICT_OBJC_MSGSEND = YES;
				ENABLE_TESTABILITY = YES;
				GCC_C_LANGUAGE_STANDARD = gnu11;
				GCC_DYNAMIC_NO_PIC = NO;
				GCC_NO_COMMON_BLOCKS = YES;
				GCC_OPTIMIZATION_LEVEL = 0;
				GCC_PREPROCESSOR_DEFINITIONS = (
					"DEBUG=1",
					"$(inherited)",
				);
				GCC_WARN_64_TO_32_BIT_CONVERSION = YES;
				GCC_WARN_ABOUT_RETURN_TYPE = YES_ERROR;
				GCC_WARN_UNDECLARED_SELECTOR = YES;
				GCC_WARN_UNINITIALIZED_AUTOS = YES_AGGRESSIVE;
				GCC_WARN_UNUSED_FUNCTION = YES;
				GCC_WARN_UNUSED_VARIABLE = YES;
				IPHONEOS_DEPLOYMENT_TARGET = 12.1;
				MTL_ENABLE_DEBUG_INFO = INCLUDE_SOURCE;
				MTL_FAST_MATH = YES;
				ONLY_ACTIVE_ARCH = YES;
				SDKROOT = iphoneos;
				SWIFT_ACTIVE_COMPILATION_CONDITIONS = DEBUG;
				SWIFT_OPTIMIZATION_LEVEL = "-Onone";
			};
			name = Debug;
		};
		52C34D6F230ED7C000EA76DA /* Release */ = {
			isa = XCBuildConfiguration;
			buildSettings = {
				ALWAYS_SEARCH_USER_PATHS = NO;
				CLANG_ANALYZER_NONNULL = YES;
				CLANG_ANALYZER_NUMBER_OBJECT_CONVERSION = YES_AGGRESSIVE;
				CLANG_CXX_LANGUAGE_STANDARD = "gnu++14";
				CLANG_CXX_LIBRARY = "libc++";
				CLANG_ENABLE_MODULES = YES;
				CLANG_ENABLE_OBJC_ARC = YES;
				CLANG_ENABLE_OBJC_WEAK = YES;
				CLANG_WARN_BLOCK_CAPTURE_AUTORELEASING = YES;
				CLANG_WARN_BOOL_CONVERSION = YES;
				CLANG_WARN_COMMA = YES;
				CLANG_WARN_CONSTANT_CONVERSION = YES;
				CLANG_WARN_DEPRECATED_OBJC_IMPLEMENTATIONS = YES;
				CLANG_WARN_DIRECT_OBJC_ISA_USAGE = YES_ERROR;
				CLANG_WARN_DOCUMENTATION_COMMENTS = YES;
				CLANG_WARN_EMPTY_BODY = YES;
				CLANG_WARN_ENUM_CONVERSION = YES;
				CLANG_WARN_INFINITE_RECURSION = YES;
				CLANG_WARN_INT_CONVERSION = YES;
				CLANG_WARN_NON_LITERAL_NULL_CONVERSION = YES;
				CLANG_WARN_OBJC_IMPLICIT_RETAIN_SELF = YES;
				CLANG_WARN_OBJC_LITERAL_CONVERSION = YES;
				CLANG_WARN_OBJC_ROOT_CLASS = YES_ERROR;
				CLANG_WARN_RANGE_LOOP_ANALYSIS = YES;
				CLANG_WARN_STRICT_PROTOTYPES = YES;
				CLANG_WARN_SUSPICIOUS_MOVE = YES;
				CLANG_WARN_UNGUARDED_AVAILABILITY = YES_AGGRESSIVE;
				CLANG_WARN_UNREACHABLE_CODE = YES;
				CLANG_WARN__DUPLICATE_METHOD_MATCH = YES;
				CODE_SIGN_IDENTITY = "iPhone Developer";
				COPY_PHASE_STRIP = NO;
				DEBUG_INFORMATION_FORMAT = "dwarf-with-dsym";
				ENABLE_NS_ASSERTIONS = NO;
				ENABLE_STRICT_OBJC_MSGSEND = YES;
				GCC_C_LANGUAGE_STANDARD = gnu11;
				GCC_NO_COMMON_BLOCKS = YES;
				GCC_WARN_64_TO_32_BIT_CONVERSION = YES;
				GCC_WARN_ABOUT_RETURN_TYPE = YES_ERROR;
				GCC_WARN_UNDECLARED_SELECTOR = YES;
				GCC_WARN_UNINITIALIZED_AUTOS = YES_AGGRESSIVE;
				GCC_WARN_UNUSED_FUNCTION = YES;
				GCC_WARN_UNUSED_VARIABLE = YES;
				IPHONEOS_DEPLOYMENT_TARGET = 12.1;
				MTL_ENABLE_DEBUG_INFO = NO;
				MTL_FAST_MATH = YES;
				SDKROOT = iphoneos;
				SWIFT_COMPILATION_MODE = wholemodule;
				SWIFT_OPTIMIZATION_LEVEL = "-O";
				VALIDATE_PRODUCT = YES;
			};
			name = Release;
		};
		52C34D71230ED7C000EA76DA /* Debug */ = {
			isa = XCBuildConfiguration;
			buildSettings = {
				ASSETCATALOG_COMPILER_APPICON_NAME = AppIcon;
				CODE_SIGN_STYLE = Automatic;
				DEVELOPMENT_TEAM = Y2HZ842NP7;
				INFOPLIST_FILE = ThinMP/Info.plist;
				IPHONEOS_DEPLOYMENT_TARGET = 13.2;
				LD_RUNPATH_SEARCH_PATHS = (
					"$(inherited)",
					"@executable_path/Frameworks",
				);
				PRODUCT_BUNDLE_IDENTIFIER = tokyo.tkw.ThinMP;
				PRODUCT_NAME = "$(TARGET_NAME)";
				SWIFT_VERSION = 5.0;
				TARGETED_DEVICE_FAMILY = "1,2";
			};
			name = Debug;
		};
		52C34D72230ED7C000EA76DA /* Release */ = {
			isa = XCBuildConfiguration;
			buildSettings = {
				ASSETCATALOG_COMPILER_APPICON_NAME = AppIcon;
				CODE_SIGN_STYLE = Automatic;
				DEVELOPMENT_TEAM = Y2HZ842NP7;
				INFOPLIST_FILE = ThinMP/Info.plist;
				IPHONEOS_DEPLOYMENT_TARGET = 13.2;
				LD_RUNPATH_SEARCH_PATHS = (
					"$(inherited)",
					"@executable_path/Frameworks",
				);
				PRODUCT_BUNDLE_IDENTIFIER = tokyo.tkw.ThinMP;
				PRODUCT_NAME = "$(TARGET_NAME)";
				SWIFT_VERSION = 5.0;
				TARGETED_DEVICE_FAMILY = "1,2";
			};
			name = Release;
		};
/* End XCBuildConfiguration section */

/* Begin XCConfigurationList section */
		52C34D59230ED7BE00EA76DA /* Build configuration list for PBXProject "ThinMP" */ = {
			isa = XCConfigurationList;
			buildConfigurations = (
				52C34D6E230ED7C000EA76DA /* Debug */,
				52C34D6F230ED7C000EA76DA /* Release */,
			);
			defaultConfigurationIsVisible = 0;
			defaultConfigurationName = Release;
		};
		52C34D70230ED7C000EA76DA /* Build configuration list for PBXNativeTarget "ThinMP" */ = {
			isa = XCConfigurationList;
			buildConfigurations = (
				52C34D71230ED7C000EA76DA /* Debug */,
				52C34D72230ED7C000EA76DA /* Release */,
			);
			defaultConfigurationIsVisible = 0;
			defaultConfigurationName = Release;
		};
/* End XCConfigurationList section */
	};
	rootObject = 52C34D56230ED7BE00EA76DA /* Project object */;
}
